PODS:
  - Alamofire (4.5.0)
  - IQKeyboardManager (4.0.11)
  - PKHUD (4.2.3)
  - SwiftyJSON (3.1.4)

DEPENDENCIES:
  - Alamofire
  - IQKeyboardManager
  - PKHUD
  - SwiftyJSON

SPEC CHECKSUMS:
  Alamofire: f28cdffd29de33a7bfa022cbd63ae95a27fae140
  IQKeyboardManager: 83eae5318483a34eb2069ef413d195b97605232e
  PKHUD: c7692163a09875cbf15827dc581df3c5cf7f1015
  SwiftyJSON: c2842d878f95482ffceec5709abc3d05680c0220

PODFILE CHECKSUM: 445375574d7af548b76a64ebfde626ffce39b6b9

COCOAPODS: 1.2.1
