// !$*UTF8*$!
{
	archiveVersion = 1;
	classes = {
	};
	objectVersion = 46;
	objects = {

/* Begin PBXBuildFile section */
		74887B031CC592D100EC677E /* AppDelegate.swift in Sources */ = {isa = PBXBuildFile; fileRef = 74887B021CC592D100EC677E /* AppDelegate.swift */; };
		74887B051CC592D100EC677E /* ViewController.swift in Sources */ = {isa = PBXBuildFile; fileRef = 74887B041CC592D100EC677E /* ViewController.swift */; };
		74887B081CC592D100EC677E /* Main.storyboard in Resources */ = {isa = PBXBuildFile; fileRef = 74887B061CC592D100EC677E /* Main.storyboard */; };
		74887B0A1CC592D100EC677E /* Assets.xcassets in Resources */ = {isa = PBXBuildFile; fileRef = 74887B091CC592D100EC677E /* Assets.xcassets */; };
		74887B0D1CC592D100EC677E /* LaunchScreen.storyboard in Resources */ = {isa = PBXBuildFile; fileRef = 74887B0B1CC592D100EC677E /* LaunchScreen.storyboard */; };
/* End PBXBuildFile section */

/* Begin PBXFileReference section */
		74887AFF1CC592D100EC677E /* 111Secuirty.app */ = {isa = PBXFileReference; explicitFileType = wrapper.application; includeInIndex = 0; path = 111Secuirty.app; sourceTree = BUILT_PRODUCTS_DIR; };
		74887B021CC592D100EC677E /* AppDelegate.swift */ = {isa = PBXFileReference; lastKnownFileType = sourcecode.swift; path = AppDelegate.swift; sourceTree = "<group>"; };
		74887B041CC592D100EC677E /* ViewController.swift */ = {isa = PBXFileReference; lastKnownFileType = sourcecode.swift; path = ViewController.swift; sourceTree = "<group>"; };
		74887B071CC592D100EC677E /* Base */ = {isa = PBXFileReference; lastKnownFileType = file.storyboard; name = Base; path = Base.lproj/Main.storyboard; sourceTree = "<group>"; };
		74887B091CC592D100EC677E /* Assets.xcassets */ = {isa = PBXFileReference; lastKnownFileType = folder.assetcatalog; path = Assets.xcassets; sourceTree = "<group>"; };
		74887B0C1CC592D100EC677E /* Base */ = {isa = PBXFileReference; lastKnownFileType = file.storyboard; name = Base; path = Base.lproj/LaunchScreen.storyboard; sourceTree = "<group>"; };
		74887B0E1CC592D100EC677E /* Info.plist */ = {isa = PBXFileReference; lastKnownFileType = text.plist.xml; path = Info.plist; sourceTree = "<group>"; };
/* End PBXFileReference section */

/* Begin PBXFrameworksBuildPhase section */
		74887AFC1CC592D100EC677E /* Frameworks */ = {
			isa = PBXFrameworksBuildPhase;
			buildActionMask = 2147483647;
			files = (
			);
			runOnlyForDeploymentPostprocessing = 0;
		};
/* End PBXFrameworksBuildPhase section */

/* Begin PBXGroup section */
		74887AF61CC592D100EC677E = {
			isa = PBXGroup;
			children = (
				74887B011CC592D100EC677E /* 111Secuirty */,
				74887B001CC592D100EC677E /* Products */,
			);
			sourceTree = "<group>";
		};
		74887B001CC592D100EC677E /* Products */ = {
			isa = PBXGroup;
			children = (
				74887AFF1CC592D100EC677E /* 111Secuirty.app */,
			);
			name = Products;
			sourceTree = "<group>";
		};
		74887B011CC592D100EC677E /* 111Secuirty */ = {
			isa = PBXGroup;
			children = (
				74887B021CC592D100EC677E /* AppDelegate.swift */,
				74887B041CC592D100EC677E /* ViewController.swift */,
				74887B061CC592D100EC677E /* Main.storyboard */,
				74887B091CC592D100EC677E /* Assets.xcassets */,
				74887B0B1CC592D100EC677E /* LaunchScreen.storyboard */,
				74887B0E1CC592D100EC677E /* Info.plist */,
			);
			path = 111Secuirty;
			sourceTree = "<group>";
		};
/* End PBXGroup section */

/* Begin PBXNativeTarget section */
		74887AFE1CC592D100EC677E /* 111Secuirty */ = {
			isa = PBXNativeTarget;
			buildConfigurationList = 74887B111CC592D100EC677E /* Build configuration list for PBXNativeTarget "111Secuirty" */;
			buildPhases = (
				74887AFB1CC592D100EC677E /* Sources */,
				74887AFC1CC592D100EC677E /* Frameworks */,
				74887AFD1CC592D100EC677E /* Resources */,
			);
			buildRules = (
			);
			dependencies = (
			);
			name = 111Secuirty;
			productName = 111Secuirty;
			productReference = 74887AFF1CC592D100EC677E /* 111Secuirty.app */;
			productType = "com.apple.product-type.application";
		};
/* End PBXNativeTarget section */

/* Begin PBXProject section */
		74887AF71CC592D100EC677E /* Project object */ = {
			isa = PBXProject;
			attributes = {
				LastSwiftUpdateCheck = 0730;
				LastUpgradeCheck = 0730;
				ORGANIZATIONNAME = "Egor Bozko";
				TargetAttributes = {
					74887AFE1CC592D100EC677E = {
						CreatedOnToolsVersion = 7.3;
					};
				};
			};
			buildConfigurationList = 74887AFA1CC592D100EC677E /* Build configuration list for PBXProject "111Secuirty" */;
			compatibilityVersion = "Xcode 3.2";
			developmentRegion = English;
			hasScannedForEncodings = 0;
			knownRegions = (
				en,
				Base,
			);
			mainGroup = 74887AF61CC592D100EC677E;
			productRefGroup = 74887B001CC592D100EC677E /* Products */;
			projectDirPath = "";
			projectRoot = "";
			targets = (
				74887AFE1CC592D100EC677E /* 111Secuirty */,
			);
		};
/* End PBXProject section */

/* Begin PBXResourcesBuildPhase section */
		74887AFD1CC592D100EC677E /* Resources */ = {
			isa = PBXResourcesBuildPhase;
			buildActionMask = 2147483647;
			files = (
				74887B0D1CC592D100EC677E /* LaunchScreen.storyboard in Resources */,
				74887B0A1CC592D100EC677E /* Assets.xcassets in Resources */,
				74887B081CC592D100EC677E /* Main.storyboard in Resources */,
			);
			runOnlyForDeploymentPostprocessing = 0;
		};
/* End PBXResourcesBuildPhase section */

/* Begin PBXSourcesBuildPhase section */
		74887AFB1CC592D100EC677E /* Sources */ = {
			isa = PBXSourcesBuildPhase;
			buildActionMask = 2147483647;
			files = (
				74887B051CC592D100EC677E /* ViewController.swift in Sources */,
				74887B031CC592D100EC677E /* AppDelegate.swift in Sources */,
			);
			runOnlyForDeploymentPostprocessing = 0;
		};
/* End PBXSourcesBuildPhase section */

/* Begin PBXVariantGroup section */
		74887B061CC592D100EC677E /* Main.storyboard */ = {
			isa = PBXVariantGroup;
			children = (
				74887B071CC592D100EC677E /* Base */,
			);
			name = Main.storyboard;
			sourceTree = "<group>";
		};
		74887B0B1CC592D100EC677E /* LaunchScreen.storyboard */ = {
			isa = PBXVariantGroup;
			children = (
				74887B0C1CC592D100EC677E /* Base */,
			);
			name = LaunchScreen.storyboard;
			sourceTree = "<group>";
		};
/* End PBXVariantGroup section */

/* Begin XCBuildConfiguration section */
		74887B0F1CC592D100EC677E /* Debug */ = {
			isa = XCBuildConfiguration;
			buildSettings = {
				ALWAYS_SEARCH_USER_PATHS = NO;
				CLANG_ANALYZER_NONNULL = YES;
				CLANG_CXX_LANGUAGE_STANDARD = "gnu++0x";
				CLANG_CXX_LIBRARY = "libc++";
				CLANG_ENABLE_MODULES = YES;
				CLANG_ENABLE_OBJC_ARC = YES;
				CLANG_WARN_BOOL_CONVERSION = YES;
				CLANG_WARN_CONSTANT_CONVERSION = YES;
				CLANG_WARN_DIRECT_OBJC_ISA_USAGE = YES_ERROR;
				CLANG_WARN_EMPTY_BODY = YES;
				CLANG_WARN_ENUM_CONVERSION = YES;
				CLANG_WARN_INT_CONVERSION = YES;
				CLANG_WARN_OBJC_ROOT_CLASS = YES_ERROR;
				CLANG_WARN_UNREACHABLE_CODE = YES;
				CLANG_WARN__DUPLICATE_METHOD_MATCH = YES;
				"CODE_SIGN_IDENTITY[sdk=iphoneos*]" = "iPhone Developer";
				COPY_PHASE_STRIP = NO;
				DEBUG_INFORMATION_FORMAT = dwarf;
				ENABLE_STRICT_OBJC_MSGSEND = YES;
				ENABLE_TESTABILITY = YES;
				GCC_C_LANGUAGE_STANDARD = gnu99;
				GCC_DYNAMIC_NO_PIC = NO;
				GCC_NO_COMMON_BLOCKS = YES;
				GCC_OPTIMIZATION_LEVEL = 0;
				GCC_PREPROCESSOR_DEFINITIONS = (
					"DEBUG=1",
					"$(inherited)",
				);
				GCC_WARN_64_TO_32_BIT_CONVERSION = YES;
				GCC_WARN_ABOUT_RETURN_TYPE = YES_ERROR;
				GCC_WARN_UNDECLARED_SELECTOR = YES;
				GCC_WARN_UNINITIALIZED_AUTOS = YES_AGGRESSIVE;
				GCC_WARN_UNUSED_FUNCTION = YES;
				GCC_WARN_UNUSED_VARIABLE = YES;
				IPHONEOS_DEPLOYMENT_TARGET = 9.3;
				MTL_ENABLE_DEBUG_INFO = YES;
				ONLY_ACTIVE_ARCH = YES;
				SDKROOT = iphoneos;
				SWIFT_OPTIMIZATION_LEVEL = "-Onone";
			};
			name = Debug;
		};
		74887B101CC592D100EC677E /* Release */ = {
			isa = XCBuildConfiguration;
			buildSettings = {
				ALWAYS_SEARCH_USER_PATHS = NO;
				CLANG_ANALYZER_NONNULL = YES;
				CLANG_CXX_LANGUAGE_STANDARD = "gnu++0x";
				CLANG_CXX_LIBRARY = "libc++";
				CLANG_ENABLE_MODULES = YES;
				CLANG_ENABLE_OBJC_ARC = YES;
				CLANG_WARN_BOOL_CONVERSION = YES;
				CLANG_WARN_CONSTANT_CONVERSION = YES;
				CLANG_WARN_DIRECT_OBJC_ISA_USAGE = YES_ERROR;
				CLANG_WARN_EMPTY_BODY = YES;
				CLANG_WARN_ENUM_CONVERSION = YES;
				CLANG_WARN_INT_CONVERSION = YES;
				CLANG_WARN_OBJC_ROOT_CLASS = YES_ERROR;
				CLANG_WARN_UNREACHABLE_CODE = YES;
				CLANG_WARN__DUPLICATE_METHOD_MATCH = YES;
				"CODE_SIGN_IDENTITY[sdk=iphoneos*]" = "iPhone Developer";
				COPY_PHASE_STRIP = NO;
				DEBUG_INFORMATION_FORMAT = "dwarf-with-dsym";
				ENABLE_NS_ASSERTIONS = NO;
				ENABLE_STRICT_OBJC_MSGSEND = YES;
				GCC_C_LANGUAGE_STANDARD = gnu99;
				GCC_NO_COMMON_BLOCKS = YES;
				GCC_WARN_64_TO_32_BIT_CONVERSION = YES;
				GCC_WARN_ABOUT_RETURN_TYPE = YES_ERROR;
				GCC_WARN_UNDECLARED_SELECTOR = YES;
				GCC_WARN_UNINITIALIZED_AUTOS = YES_AGGRESSIVE;
				GCC_WARN_UNUSED_FUNCTION = YES;
				GCC_WARN_UNUSED_VARIABLE = YES;
				IPHONEOS_DEPLOYMENT_TARGET = 9.3;
				MTL_ENABLE_DEBUG_INFO = NO;
				SDKROOT = iphoneos;
				VALIDATE_PRODUCT = YES;
			};
			name = Release;
		};
		74887B121CC592D100EC677E /* Debug */ = {
			isa = XCBuildConfiguration;
			buildSettings = {
				ASSETCATALOG_COMPILER_APPICON_NAME = AppIcon;
				INFOPLIST_FILE = 111Secuirty/Info.plist;
				LD_RUNPATH_SEARCH_PATHS = "$(inherited) @executable_path/Frameworks";
				PRODUCT_BUNDLE_IDENTIFIER = "-11Minutes.-11Secuirty";
				PRODUCT_NAME = "$(TARGET_NAME)";
			};
			name = Debug;
		};
		74887B131CC592D100EC677E /* Release */ = {
			isa = XCBuildConfiguration;
			buildSettings = {
				ASSETCATALOG_COMPILER_APPICON_NAME = AppIcon;
				INFOPLIST_FILE = 111Secuirty/Info.plist;
				LD_RUNPATH_SEARCH_PATHS = "$(inherited) @executable_path/Frameworks";
				PRODUCT_BUNDLE_IDENTIFIER = "-11Minutes.-11Secuirty";
				PRODUCT_NAME = "$(TARGET_NAME)";
			};
			name = Release;
		};
/* End XCBuildConfiguration section */

/* Begin XCConfigurationList section */
		74887AFA1CC592D100EC677E /* Build configuration list for PBXProject "111Secuirty" */ = {
			isa = XCConfigurationList;
			buildConfigurations = (
				74887B0F1CC592D100EC677E /* Debug */,
				74887B101CC592D100EC677E /* Release */,
			);
			defaultConfigurationIsVisible = 0;
			defaultConfigurationName = Release;
		};
		74887B111CC592D100EC677E /* Build configuration list for PBXNativeTarget "111Secuirty" */ = {
			isa = XCConfigurationList;
			buildConfigurations = (
				74887B121CC592D100EC677E /* Debug */,
				74887B131CC592D100EC677E /* Release */,
			);
			defaultConfigurationIsVisible = 0;
		};
/* End XCConfigurationList section */
	};
	rootObject = 74887AF71CC592D100EC677E /* Project object */;
}
