// !$*UTF8*$!
{
	archiveVersion = 1;
	classes = {
	};
	objectVersion = 46;
	objects = {

/* Begin PBXBuildFile section */
		5D5739161EEFE4C900704E73 /* AppDelegate.swift in Sources */ = {isa = PBXBuildFile; fileRef = 5D5739151EEFE4C900704E73 /* AppDelegate.swift */; };
		74887B081CC592D100EC677E /* Main.storyboard in Resources */ = {isa = PBXBuildFile; fileRef = 74887B061CC592D100EC677E /* Main.storyboard */; };
		74887B0A1CC592D100EC677E /* Assets.xcassets in Resources */ = {isa = PBXBuildFile; fileRef = 74887B091CC592D100EC677E /* Assets.xcassets */; };
		74887B0D1CC592D100EC677E /* LaunchScreen.storyboard in Resources */ = {isa = PBXBuildFile; fileRef = 74887B0B1CC592D100EC677E /* LaunchScreen.storyboard */; };
		74887B171CC5997400EC677E /* LoginViewController.swift in Sources */ = {isa = PBXBuildFile; fileRef = 74887B161CC5997400EC677E /* LoginViewController.swift */; };
		74887B191CC599B100EC677E /* MainViewController.swift in Sources */ = {isa = PBXBuildFile; fileRef = 74887B181CC599B100EC677E /* MainViewController.swift */; };
		74887B1B1CC59BD400EC677E /* SessionManager.swift in Sources */ = {isa = PBXBuildFile; fileRef = 74887B1A1CC59BD400EC677E /* SessionManager.swift */; };
		8908B4691CD9E94D005CC547 /* String+Validation.swift in Sources */ = {isa = PBXBuildFile; fileRef = 8908B4681CD9E94D005CC547 /* String+Validation.swift */; };
		8908B4701CD9F643005CC547 /* NotificationCenter.framework in Frameworks */ = {isa = PBXBuildFile; fileRef = 8908B46F1CD9F643005CC547 /* NotificationCenter.framework */; };
		8908B4731CD9F643005CC547 /* TodayViewController.swift in Sources */ = {isa = PBXBuildFile; fileRef = 8908B4721CD9F643005CC547 /* TodayViewController.swift */; };
		8908B4761CD9F643005CC547 /* MainInterface.storyboard in Resources */ = {isa = PBXBuildFile; fileRef = 8908B4741CD9F643005CC547 /* MainInterface.storyboard */; };
		8908B47A1CD9F643005CC547 /* 111 Key Widget.appex in Embed App Extensions */ = {isa = PBXBuildFile; fileRef = 8908B46E1CD9F643005CC547 /* 111 Key Widget.appex */; settings = {ATTRIBUTES = (RemoveHeadersOnCopy, ); }; };
		8908B47F1CDA111B005CC547 /* Assets.xcassets in Resources */ = {isa = PBXBuildFile; fileRef = 74887B091CC592D100EC677E /* Assets.xcassets */; };
		898474DF1CDA304B000952B9 /* SourceSansPro-Black.ttf in Resources */ = {isa = PBXBuildFile; fileRef = 89CFF4951CD395F700F0097E /* SourceSansPro-Black.ttf */; };
		898474E01CDA304B000952B9 /* SourceSansPro-BlackIt.ttf in Resources */ = {isa = PBXBuildFile; fileRef = 89CFF4961CD395F700F0097E /* SourceSansPro-BlackIt.ttf */; };
		898474E11CDA304B000952B9 /* SourceSansPro-Bold.ttf in Resources */ = {isa = PBXBuildFile; fileRef = 89CFF4971CD395F700F0097E /* SourceSansPro-Bold.ttf */; };
		898474E21CDA304B000952B9 /* SourceSansPro-BoldIt.ttf in Resources */ = {isa = PBXBuildFile; fileRef = 89CFF4981CD395F700F0097E /* SourceSansPro-BoldIt.ttf */; };
		898474E31CDA304B000952B9 /* SourceSansPro-ExtraLight.ttf in Resources */ = {isa = PBXBuildFile; fileRef = 89CFF4991CD395F700F0097E /* SourceSansPro-ExtraLight.ttf */; };
		898474E41CDA304B000952B9 /* SourceSansPro-ExtraLightIt.ttf in Resources */ = {isa = PBXBuildFile; fileRef = 89CFF49A1CD395F700F0097E /* SourceSansPro-ExtraLightIt.ttf */; };
		898474E51CDA304B000952B9 /* SourceSansPro-It.ttf in Resources */ = {isa = PBXBuildFile; fileRef = 89CFF49B1CD395F700F0097E /* SourceSansPro-It.ttf */; };
		898474E61CDA304B000952B9 /* SourceSansPro-Light.ttf in Resources */ = {isa = PBXBuildFile; fileRef = 89CFF49C1CD395F700F0097E /* SourceSansPro-Light.ttf */; };
		898474E71CDA304B000952B9 /* SourceSansPro-LightIt.ttf in Resources */ = {isa = PBXBuildFile; fileRef = 89CFF49D1CD395F700F0097E /* SourceSansPro-LightIt.ttf */; };
		898474E81CDA304B000952B9 /* SourceSansPro-Regular.ttf in Resources */ = {isa = PBXBuildFile; fileRef = 89CFF49E1CD395F700F0097E /* SourceSansPro-Regular.ttf */; };
		898474E91CDA304B000952B9 /* SourceSansPro-Semibold.ttf in Resources */ = {isa = PBXBuildFile; fileRef = 89CFF49F1CD395F700F0097E /* SourceSansPro-Semibold.ttf */; };
		898474EA1CDA304B000952B9 /* SourceSansPro-SemiboldIt.ttf in Resources */ = {isa = PBXBuildFile; fileRef = 89CFF4A01CD395F700F0097E /* SourceSansPro-SemiboldIt.ttf */; };
		898474EB1CDA3051000952B9 /* KlartextMono-Bold.ttf in Resources */ = {isa = PBXBuildFile; fileRef = 89CFF4801CD395CF00F0097E /* KlartextMono-Bold.ttf */; };
		898474EC1CDA3051000952B9 /* KlartextMono-BoldItalic.ttf in Resources */ = {isa = PBXBuildFile; fileRef = 89CFF4811CD395CF00F0097E /* KlartextMono-BoldItalic.ttf */; };
		898474ED1CDA3051000952B9 /* KlartextMono-Italic.ttf in Resources */ = {isa = PBXBuildFile; fileRef = 89CFF4821CD395CF00F0097E /* KlartextMono-Italic.ttf */; };
		898474EE1CDA3051000952B9 /* KlartextMono-Light.ttf in Resources */ = {isa = PBXBuildFile; fileRef = 89CFF4831CD395CF00F0097E /* KlartextMono-Light.ttf */; };
		898474EF1CDA3051000952B9 /* KlartextMono-LightItalic.ttf in Resources */ = {isa = PBXBuildFile; fileRef = 89CFF4841CD395CF00F0097E /* KlartextMono-LightItalic.ttf */; };
		898474F01CDA3051000952B9 /* KlartextMono-Medium.ttf in Resources */ = {isa = PBXBuildFile; fileRef = 89CFF4851CD395CF00F0097E /* KlartextMono-Medium.ttf */; };
		898474F11CDA3051000952B9 /* KlartextMono-MediumItalic.ttf in Resources */ = {isa = PBXBuildFile; fileRef = 89CFF4861CD395CF00F0097E /* KlartextMono-MediumItalic.ttf */; };
		898474F21CDA3051000952B9 /* KlartextMono-Regular.ttf in Resources */ = {isa = PBXBuildFile; fileRef = 89CFF4871CD395CF00F0097E /* KlartextMono-Regular.ttf */; };
		898474F31CDA3051000952B9 /* KlartextMono-Thin.ttf in Resources */ = {isa = PBXBuildFile; fileRef = 89CFF4881CD395CF00F0097E /* KlartextMono-Thin.ttf */; };
		898474F41CDA3051000952B9 /* KlartextMono-ThinItalic.ttf in Resources */ = {isa = PBXBuildFile; fileRef = 89CFF4891CD395CF00F0097E /* KlartextMono-ThinItalic.ttf */; };
		89CB458F1CDB2FC50085018B /* APIConstants.swift in Sources */ = {isa = PBXBuildFile; fileRef = 89CFF4BE1CD3C14D00F0097E /* APIConstants.swift */; };
		89CB45901CDB2FEC0085018B /* SessionManager.swift in Sources */ = {isa = PBXBuildFile; fileRef = 74887B1A1CC59BD400EC677E /* SessionManager.swift */; };
		89CFF48A1CD395CF00F0097E /* KlartextMono-Bold.ttf in Resources */ = {isa = PBXBuildFile; fileRef = 89CFF4801CD395CF00F0097E /* KlartextMono-Bold.ttf */; };
		89CFF48B1CD395CF00F0097E /* KlartextMono-BoldItalic.ttf in Resources */ = {isa = PBXBuildFile; fileRef = 89CFF4811CD395CF00F0097E /* KlartextMono-BoldItalic.ttf */; };
		89CFF48C1CD395CF00F0097E /* KlartextMono-Italic.ttf in Resources */ = {isa = PBXBuildFile; fileRef = 89CFF4821CD395CF00F0097E /* KlartextMono-Italic.ttf */; };
		89CFF48D1CD395CF00F0097E /* KlartextMono-Light.ttf in Resources */ = {isa = PBXBuildFile; fileRef = 89CFF4831CD395CF00F0097E /* KlartextMono-Light.ttf */; };
		89CFF48E1CD395CF00F0097E /* KlartextMono-LightItalic.ttf in Resources */ = {isa = PBXBuildFile; fileRef = 89CFF4841CD395CF00F0097E /* KlartextMono-LightItalic.ttf */; };
		89CFF48F1CD395CF00F0097E /* KlartextMono-Medium.ttf in Resources */ = {isa = PBXBuildFile; fileRef = 89CFF4851CD395CF00F0097E /* KlartextMono-Medium.ttf */; };
		89CFF4901CD395CF00F0097E /* KlartextMono-MediumItalic.ttf in Resources */ = {isa = PBXBuildFile; fileRef = 89CFF4861CD395CF00F0097E /* KlartextMono-MediumItalic.ttf */; };
		89CFF4911CD395CF00F0097E /* KlartextMono-Regular.ttf in Resources */ = {isa = PBXBuildFile; fileRef = 89CFF4871CD395CF00F0097E /* KlartextMono-Regular.ttf */; };
		89CFF4921CD395CF00F0097E /* KlartextMono-Thin.ttf in Resources */ = {isa = PBXBuildFile; fileRef = 89CFF4881CD395CF00F0097E /* KlartextMono-Thin.ttf */; };
		89CFF4931CD395CF00F0097E /* KlartextMono-ThinItalic.ttf in Resources */ = {isa = PBXBuildFile; fileRef = 89CFF4891CD395CF00F0097E /* KlartextMono-ThinItalic.ttf */; };
		89CFF4A11CD395F700F0097E /* SourceSansPro-Black.ttf in Resources */ = {isa = PBXBuildFile; fileRef = 89CFF4951CD395F700F0097E /* SourceSansPro-Black.ttf */; };
		89CFF4A21CD395F700F0097E /* SourceSansPro-BlackIt.ttf in Resources */ = {isa = PBXBuildFile; fileRef = 89CFF4961CD395F700F0097E /* SourceSansPro-BlackIt.ttf */; };
		89CFF4A31CD395F700F0097E /* SourceSansPro-Bold.ttf in Resources */ = {isa = PBXBuildFile; fileRef = 89CFF4971CD395F700F0097E /* SourceSansPro-Bold.ttf */; };
		89CFF4A41CD395F700F0097E /* SourceSansPro-BoldIt.ttf in Resources */ = {isa = PBXBuildFile; fileRef = 89CFF4981CD395F700F0097E /* SourceSansPro-BoldIt.ttf */; };
		89CFF4A51CD395F700F0097E /* SourceSansPro-ExtraLight.ttf in Resources */ = {isa = PBXBuildFile; fileRef = 89CFF4991CD395F700F0097E /* SourceSansPro-ExtraLight.ttf */; };
		89CFF4A61CD395F700F0097E /* SourceSansPro-ExtraLightIt.ttf in Resources */ = {isa = PBXBuildFile; fileRef = 89CFF49A1CD395F700F0097E /* SourceSansPro-ExtraLightIt.ttf */; };
		89CFF4A71CD395F700F0097E /* SourceSansPro-It.ttf in Resources */ = {isa = PBXBuildFile; fileRef = 89CFF49B1CD395F700F0097E /* SourceSansPro-It.ttf */; };
		89CFF4A81CD395F700F0097E /* SourceSansPro-Light.ttf in Resources */ = {isa = PBXBuildFile; fileRef = 89CFF49C1CD395F700F0097E /* SourceSansPro-Light.ttf */; };
		89CFF4A91CD395F700F0097E /* SourceSansPro-LightIt.ttf in Resources */ = {isa = PBXBuildFile; fileRef = 89CFF49D1CD395F700F0097E /* SourceSansPro-LightIt.ttf */; };
		89CFF4AA1CD395F700F0097E /* SourceSansPro-Regular.ttf in Resources */ = {isa = PBXBuildFile; fileRef = 89CFF49E1CD395F700F0097E /* SourceSansPro-Regular.ttf */; };
		89CFF4AB1CD395F700F0097E /* SourceSansPro-Semibold.ttf in Resources */ = {isa = PBXBuildFile; fileRef = 89CFF49F1CD395F700F0097E /* SourceSansPro-Semibold.ttf */; };
		89CFF4AC1CD395F700F0097E /* SourceSansPro-SemiboldIt.ttf in Resources */ = {isa = PBXBuildFile; fileRef = 89CFF4A01CD395F700F0097E /* SourceSansPro-SemiboldIt.ttf */; };
		89CFF4B81CD3ACCD00F0097E /* ResetPasswordViewController.swift in Sources */ = {isa = PBXBuildFile; fileRef = 89CFF4B71CD3ACCD00F0097E /* ResetPasswordViewController.swift */; };
		89CFF4BF1CD3C14D00F0097E /* APIConstants.swift in Sources */ = {isa = PBXBuildFile; fileRef = 89CFF4BE1CD3C14D00F0097E /* APIConstants.swift */; };
		A5A8ED0BE510AD1A7FC28A74 /* Pods_111Secuirty.framework in Frameworks */ = {isa = PBXBuildFile; fileRef = 4A3D9954CCFE11BC99C71DEC /* Pods_111Secuirty.framework */; };
		BD5866599EAD895CA65749E1 /* Pods_Door_Widget.framework in Frameworks */ = {isa = PBXBuildFile; fileRef = 7DADE0261B2507246A1A6842 /* Pods_Door_Widget.framework */; };
/* End PBXBuildFile section */

/* Begin PBXContainerItemProxy section */
		8908B4781CD9F643005CC547 /* PBXContainerItemProxy */ = {
			isa = PBXContainerItemProxy;
			containerPortal = 74887AF71CC592D100EC677E /* Project object */;
			proxyType = 1;
			remoteGlobalIDString = 8908B46D1CD9F643005CC547;
			remoteInfo = "Door Widget";
		};
/* End PBXContainerItemProxy section */

/* Begin PBXCopyFilesBuildPhase section */
		74E6A5A31CCFC0E0009C8811 /* Embed Frameworks */ = {
			isa = PBXCopyFilesBuildPhase;
			buildActionMask = 2147483647;
			dstPath = "";
			dstSubfolderSpec = 10;
			files = (
			);
			name = "Embed Frameworks";
			runOnlyForDeploymentPostprocessing = 0;
		};
		8908B47E1CD9F644005CC547 /* Embed App Extensions */ = {
			isa = PBXCopyFilesBuildPhase;
			buildActionMask = 2147483647;
			dstPath = "";
			dstSubfolderSpec = 13;
			files = (
				8908B47A1CD9F643005CC547 /* 111 Key Widget.appex in Embed App Extensions */,
			);
			name = "Embed App Extensions";
			runOnlyForDeploymentPostprocessing = 0;
		};
/* End PBXCopyFilesBuildPhase section */

/* Begin PBXFileReference section */
		13A7D5F116B5C8A5852EB976 /* Pods-111Secuirty.debug.xcconfig */ = {isa = PBXFileReference; includeInIndex = 1; lastKnownFileType = text.xcconfig; name = "Pods-111Secuirty.debug.xcconfig"; path = "Pods/Target Support Files/Pods-111Secuirty/Pods-111Secuirty.debug.xcconfig"; sourceTree = "<group>"; };
		3CB95D01645E0FB6AF365BD3 /* Pods-Door Widget.release.xcconfig */ = {isa = PBXFileReference; includeInIndex = 1; lastKnownFileType = text.xcconfig; name = "Pods-Door Widget.release.xcconfig"; path = "Pods/Target Support Files/Pods-Door Widget/Pods-Door Widget.release.xcconfig"; sourceTree = "<group>"; };
		4A3D9954CCFE11BC99C71DEC /* Pods_111Secuirty.framework */ = {isa = PBXFileReference; explicitFileType = wrapper.framework; includeInIndex = 0; path = Pods_111Secuirty.framework; sourceTree = BUILT_PRODUCTS_DIR; };
		5D5739151EEFE4C900704E73 /* AppDelegate.swift */ = {isa = PBXFileReference; fileEncoding = 4; lastKnownFileType = sourcecode.swift; path = AppDelegate.swift; sourceTree = "<group>"; };
		74887AFF1CC592D100EC677E /* 111Key.app */ = {isa = PBXFileReference; explicitFileType = wrapper.application; includeInIndex = 0; path = 111Key.app; sourceTree = BUILT_PRODUCTS_DIR; };
		74887B071CC592D100EC677E /* Base */ = {isa = PBXFileReference; lastKnownFileType = file.storyboard; name = Base; path = Base.lproj/Main.storyboard; sourceTree = "<group>"; };
		74887B091CC592D100EC677E /* Assets.xcassets */ = {isa = PBXFileReference; lastKnownFileType = folder.assetcatalog; path = Assets.xcassets; sourceTree = "<group>"; };
		74887B0C1CC592D100EC677E /* Base */ = {isa = PBXFileReference; lastKnownFileType = file.storyboard; name = Base; path = Base.lproj/LaunchScreen.storyboard; sourceTree = "<group>"; };
		74887B0E1CC592D100EC677E /* Info.plist */ = {isa = PBXFileReference; lastKnownFileType = text.plist.xml; path = Info.plist; sourceTree = "<group>"; };
		74887B161CC5997400EC677E /* LoginViewController.swift */ = {isa = PBXFileReference; fileEncoding = 4; lastKnownFileType = sourcecode.swift; lineEnding = 0; path = LoginViewController.swift; sourceTree = "<group>"; xcLanguageSpecificationIdentifier = xcode.lang.swift; };
		74887B181CC599B100EC677E /* MainViewController.swift */ = {isa = PBXFileReference; fileEncoding = 4; lastKnownFileType = sourcecode.swift; lineEnding = 0; path = MainViewController.swift; sourceTree = "<group>"; xcLanguageSpecificationIdentifier = xcode.lang.swift; };
		74887B1A1CC59BD400EC677E /* SessionManager.swift */ = {isa = PBXFileReference; fileEncoding = 4; lastKnownFileType = sourcecode.swift; path = SessionManager.swift; sourceTree = "<group>"; };
		7DADE0261B2507246A1A6842 /* Pods_Door_Widget.framework */ = {isa = PBXFileReference; explicitFileType = wrapper.framework; includeInIndex = 0; path = Pods_Door_Widget.framework; sourceTree = BUILT_PRODUCTS_DIR; };
		7F4F90BC5CEBE0ECA1E9A6DE /* Pods-111Secuirty.release.xcconfig */ = {isa = PBXFileReference; includeInIndex = 1; lastKnownFileType = text.xcconfig; name = "Pods-111Secuirty.release.xcconfig"; path = "Pods/Target Support Files/Pods-111Secuirty/Pods-111Secuirty.release.xcconfig"; sourceTree = "<group>"; };
		8908B4681CD9E94D005CC547 /* String+Validation.swift */ = {isa = PBXFileReference; fileEncoding = 4; lastKnownFileType = sourcecode.swift; path = "String+Validation.swift"; sourceTree = "<group>"; };
		8908B46E1CD9F643005CC547 /* 111 Key Widget.appex */ = {isa = PBXFileReference; explicitFileType = "wrapper.app-extension"; includeInIndex = 0; path = "111 Key Widget.appex"; sourceTree = BUILT_PRODUCTS_DIR; };
		8908B46F1CD9F643005CC547 /* NotificationCenter.framework */ = {isa = PBXFileReference; lastKnownFileType = wrapper.framework; name = NotificationCenter.framework; path = System/Library/Frameworks/NotificationCenter.framework; sourceTree = SDKROOT; };
		8908B4721CD9F643005CC547 /* TodayViewController.swift */ = {isa = PBXFileReference; lastKnownFileType = sourcecode.swift; path = TodayViewController.swift; sourceTree = "<group>"; };
		8908B4751CD9F643005CC547 /* Base */ = {isa = PBXFileReference; lastKnownFileType = file.storyboard; name = Base; path = Base.lproj/MainInterface.storyboard; sourceTree = "<group>"; };
		8908B4771CD9F643005CC547 /* Info.plist */ = {isa = PBXFileReference; lastKnownFileType = text.plist.xml; path = Info.plist; sourceTree = "<group>"; };
		8908B4801CDA1193005CC547 /* 111 Door.entitlements */ = {isa = PBXFileReference; lastKnownFileType = text.xml; path = "111 Door.entitlements"; sourceTree = "<group>"; };
		8908B4811CDA139A005CC547 /* Door Widget.entitlements */ = {isa = PBXFileReference; lastKnownFileType = text.xml; path = "Door Widget.entitlements"; sourceTree = "<group>"; };
		89CFF4801CD395CF00F0097E /* KlartextMono-Bold.ttf */ = {isa = PBXFileReference; lastKnownFileType = file; path = "KlartextMono-Bold.ttf"; sourceTree = "<group>"; };
		89CFF4811CD395CF00F0097E /* KlartextMono-BoldItalic.ttf */ = {isa = PBXFileReference; lastKnownFileType = file; path = "KlartextMono-BoldItalic.ttf"; sourceTree = "<group>"; };
		89CFF4821CD395CF00F0097E /* KlartextMono-Italic.ttf */ = {isa = PBXFileReference; lastKnownFileType = file; path = "KlartextMono-Italic.ttf"; sourceTree = "<group>"; };
		89CFF4831CD395CF00F0097E /* KlartextMono-Light.ttf */ = {isa = PBXFileReference; lastKnownFileType = file; path = "KlartextMono-Light.ttf"; sourceTree = "<group>"; };
		89CFF4841CD395CF00F0097E /* KlartextMono-LightItalic.ttf */ = {isa = PBXFileReference; lastKnownFileType = file; path = "KlartextMono-LightItalic.ttf"; sourceTree = "<group>"; };
		89CFF4851CD395CF00F0097E /* KlartextMono-Medium.ttf */ = {isa = PBXFileReference; lastKnownFileType = file; path = "KlartextMono-Medium.ttf"; sourceTree = "<group>"; };
		89CFF4861CD395CF00F0097E /* KlartextMono-MediumItalic.ttf */ = {isa = PBXFileReference; lastKnownFileType = file; path = "KlartextMono-MediumItalic.ttf"; sourceTree = "<group>"; };
		89CFF4871CD395CF00F0097E /* KlartextMono-Regular.ttf */ = {isa = PBXFileReference; lastKnownFileType = file; path = "KlartextMono-Regular.ttf"; sourceTree = "<group>"; };
		89CFF4881CD395CF00F0097E /* KlartextMono-Thin.ttf */ = {isa = PBXFileReference; lastKnownFileType = file; path = "KlartextMono-Thin.ttf"; sourceTree = "<group>"; };
		89CFF4891CD395CF00F0097E /* KlartextMono-ThinItalic.ttf */ = {isa = PBXFileReference; lastKnownFileType = file; path = "KlartextMono-ThinItalic.ttf"; sourceTree = "<group>"; };
		89CFF4951CD395F700F0097E /* SourceSansPro-Black.ttf */ = {isa = PBXFileReference; lastKnownFileType = file; path = "SourceSansPro-Black.ttf"; sourceTree = "<group>"; };
		89CFF4961CD395F700F0097E /* SourceSansPro-BlackIt.ttf */ = {isa = PBXFileReference; lastKnownFileType = file; path = "SourceSansPro-BlackIt.ttf"; sourceTree = "<group>"; };
		89CFF4971CD395F700F0097E /* SourceSansPro-Bold.ttf */ = {isa = PBXFileReference; lastKnownFileType = file; path = "SourceSansPro-Bold.ttf"; sourceTree = "<group>"; };
		89CFF4981CD395F700F0097E /* SourceSansPro-BoldIt.ttf */ = {isa = PBXFileReference; lastKnownFileType = file; path = "SourceSansPro-BoldIt.ttf"; sourceTree = "<group>"; };
		89CFF4991CD395F700F0097E /* SourceSansPro-ExtraLight.ttf */ = {isa = PBXFileReference; lastKnownFileType = file; path = "SourceSansPro-ExtraLight.ttf"; sourceTree = "<group>"; };
		89CFF49A1CD395F700F0097E /* SourceSansPro-ExtraLightIt.ttf */ = {isa = PBXFileReference; lastKnownFileType = file; path = "SourceSansPro-ExtraLightIt.ttf"; sourceTree = "<group>"; };
		89CFF49B1CD395F700F0097E /* SourceSansPro-It.ttf */ = {isa = PBXFileReference; lastKnownFileType = file; path = "SourceSansPro-It.ttf"; sourceTree = "<group>"; };
		89CFF49C1CD395F700F0097E /* SourceSansPro-Light.ttf */ = {isa = PBXFileReference; lastKnownFileType = file; path = "SourceSansPro-Light.ttf"; sourceTree = "<group>"; };
		89CFF49D1CD395F700F0097E /* SourceSansPro-LightIt.ttf */ = {isa = PBXFileReference; lastKnownFileType = file; path = "SourceSansPro-LightIt.ttf"; sourceTree = "<group>"; };
		89CFF49E1CD395F700F0097E /* SourceSansPro-Regular.ttf */ = {isa = PBXFileReference; lastKnownFileType = file; path = "SourceSansPro-Regular.ttf"; sourceTree = "<group>"; };
		89CFF49F1CD395F700F0097E /* SourceSansPro-Semibold.ttf */ = {isa = PBXFileReference; lastKnownFileType = file; path = "SourceSansPro-Semibold.ttf"; sourceTree = "<group>"; };
		89CFF4A01CD395F700F0097E /* SourceSansPro-SemiboldIt.ttf */ = {isa = PBXFileReference; lastKnownFileType = file; path = "SourceSansPro-SemiboldIt.ttf"; sourceTree = "<group>"; };
		89CFF4B71CD3ACCD00F0097E /* ResetPasswordViewController.swift */ = {isa = PBXFileReference; fileEncoding = 4; lastKnownFileType = sourcecode.swift; lineEnding = 0; path = ResetPasswordViewController.swift; sourceTree = "<group>"; xcLanguageSpecificationIdentifier = xcode.lang.swift; };
		89CFF4BE1CD3C14D00F0097E /* APIConstants.swift */ = {isa = PBXFileReference; fileEncoding = 4; lastKnownFileType = sourcecode.swift; path = APIConstants.swift; sourceTree = "<group>"; };
		D9BB408B3E06DCF5C034F9F4 /* Pods-Door Widget.debug.xcconfig */ = {isa = PBXFileReference; includeInIndex = 1; lastKnownFileType = text.xcconfig; name = "Pods-Door Widget.debug.xcconfig"; path = "Pods/Target Support Files/Pods-Door Widget/Pods-Door Widget.debug.xcconfig"; sourceTree = "<group>"; };
/* End PBXFileReference section */

/* Begin PBXFrameworksBuildPhase section */
		74887AFC1CC592D100EC677E /* Frameworks */ = {
			isa = PBXFrameworksBuildPhase;
			buildActionMask = 2147483647;
			files = (
				A5A8ED0BE510AD1A7FC28A74 /* Pods_111Secuirty.framework in Frameworks */,
			);
			runOnlyForDeploymentPostprocessing = 0;
		};
		8908B46B1CD9F643005CC547 /* Frameworks */ = {
			isa = PBXFrameworksBuildPhase;
			buildActionMask = 2147483647;
			files = (
				8908B4701CD9F643005CC547 /* NotificationCenter.framework in Frameworks */,
				BD5866599EAD895CA65749E1 /* Pods_Door_Widget.framework in Frameworks */,
			);
			runOnlyForDeploymentPostprocessing = 0;
		};
/* End PBXFrameworksBuildPhase section */

/* Begin PBXGroup section */
		12FDC339921C0EE3975054CC /* Frameworks */ = {
			isa = PBXGroup;
			children = (
				8908B46F1CD9F643005CC547 /* NotificationCenter.framework */,
				4A3D9954CCFE11BC99C71DEC /* Pods_111Secuirty.framework */,
				7DADE0261B2507246A1A6842 /* Pods_Door_Widget.framework */,
			);
			name = Frameworks;
			sourceTree = "<group>";
		};
		2EFC8E1ABD75A165E1746538 /* Pods */ = {
			isa = PBXGroup;
			children = (
				13A7D5F116B5C8A5852EB976 /* Pods-111Secuirty.debug.xcconfig */,
				7F4F90BC5CEBE0ECA1E9A6DE /* Pods-111Secuirty.release.xcconfig */,
				D9BB408B3E06DCF5C034F9F4 /* Pods-Door Widget.debug.xcconfig */,
				3CB95D01645E0FB6AF365BD3 /* Pods-Door Widget.release.xcconfig */,
			);
			name = Pods;
			sourceTree = "<group>";
		};
		74887AF61CC592D100EC677E = {
			isa = PBXGroup;
			children = (
				74887B011CC592D100EC677E /* 111Secuirty */,
				8908B4711CD9F643005CC547 /* Door Widget */,
				74887B001CC592D100EC677E /* Products */,
				12FDC339921C0EE3975054CC /* Frameworks */,
				2EFC8E1ABD75A165E1746538 /* Pods */,
			);
			sourceTree = "<group>";
		};
		74887B001CC592D100EC677E /* Products */ = {
			isa = PBXGroup;
			children = (
				74887AFF1CC592D100EC677E /* 111Key.app */,
				8908B46E1CD9F643005CC547 /* 111 Key Widget.appex */,
			);
			name = Products;
			sourceTree = "<group>";
		};
		74887B011CC592D100EC677E /* 111Secuirty */ = {
			isa = PBXGroup;
			children = (
				8908B4801CDA1193005CC547 /* 111 Door.entitlements */,
				74887B061CC592D100EC677E /* Main.storyboard */,
				74887B0B1CC592D100EC677E /* LaunchScreen.storyboard */,
				89CFF4AF1CD3A6AA00F0097E /* Code */,
				89CFF47D1CD394F800F0097E /* Resources */,
				74887B091CC592D100EC677E /* Assets.xcassets */,
				74887B0E1CC592D100EC677E /* Info.plist */,
			);
			path = 111Secuirty;
			sourceTree = "<group>";
		};
		8908B4661CD9E90D005CC547 /* Extensions */ = {
			isa = PBXGroup;
			children = (
				8908B4671CD9E921005CC547 /* String+Validation */,
			);
			path = Extensions;
			sourceTree = "<group>";
		};
		8908B4671CD9E921005CC547 /* String+Validation */ = {
			isa = PBXGroup;
			children = (
				8908B4681CD9E94D005CC547 /* String+Validation.swift */,
			);
			path = "String+Validation";
			sourceTree = "<group>";
		};
		8908B4711CD9F643005CC547 /* Door Widget */ = {
			isa = PBXGroup;
			children = (
				8908B4811CDA139A005CC547 /* Door Widget.entitlements */,
				8908B4721CD9F643005CC547 /* TodayViewController.swift */,
				8908B4741CD9F643005CC547 /* MainInterface.storyboard */,
				8908B4771CD9F643005CC547 /* Info.plist */,
			);
			path = "Door Widget";
			sourceTree = "<group>";
		};
		89CFF47D1CD394F800F0097E /* Resources */ = {
			isa = PBXGroup;
			children = (
				89CFF47E1CD3955900F0097E /* Fonts */,
			);
			path = Resources;
			sourceTree = "<group>";
		};
		89CFF47E1CD3955900F0097E /* Fonts */ = {
			isa = PBXGroup;
			children = (
				89CFF4941CD395E200F0097E /* SourceSansPro */,
				89CFF47F1CD395B700F0097E /* KlartextMono */,
			);
			path = Fonts;
			sourceTree = "<group>";
		};
		89CFF47F1CD395B700F0097E /* KlartextMono */ = {
			isa = PBXGroup;
			children = (
				89CFF4801CD395CF00F0097E /* KlartextMono-Bold.ttf */,
				89CFF4811CD395CF00F0097E /* KlartextMono-BoldItalic.ttf */,
				89CFF4821CD395CF00F0097E /* KlartextMono-Italic.ttf */,
				89CFF4831CD395CF00F0097E /* KlartextMono-Light.ttf */,
				89CFF4841CD395CF00F0097E /* KlartextMono-LightItalic.ttf */,
				89CFF4851CD395CF00F0097E /* KlartextMono-Medium.ttf */,
				89CFF4861CD395CF00F0097E /* KlartextMono-MediumItalic.ttf */,
				89CFF4871CD395CF00F0097E /* KlartextMono-Regular.ttf */,
				89CFF4881CD395CF00F0097E /* KlartextMono-Thin.ttf */,
				89CFF4891CD395CF00F0097E /* KlartextMono-ThinItalic.ttf */,
			);
			path = KlartextMono;
			sourceTree = "<group>";
		};
		89CFF4941CD395E200F0097E /* SourceSansPro */ = {
			isa = PBXGroup;
			children = (
				89CFF4951CD395F700F0097E /* SourceSansPro-Black.ttf */,
				89CFF4961CD395F700F0097E /* SourceSansPro-BlackIt.ttf */,
				89CFF4971CD395F700F0097E /* SourceSansPro-Bold.ttf */,
				89CFF4981CD395F700F0097E /* SourceSansPro-BoldIt.ttf */,
				89CFF4991CD395F700F0097E /* SourceSansPro-ExtraLight.ttf */,
				89CFF49A1CD395F700F0097E /* SourceSansPro-ExtraLightIt.ttf */,
				89CFF49B1CD395F700F0097E /* SourceSansPro-It.ttf */,
				89CFF49C1CD395F700F0097E /* SourceSansPro-Light.ttf */,
				89CFF49D1CD395F700F0097E /* SourceSansPro-LightIt.ttf */,
				89CFF49E1CD395F700F0097E /* SourceSansPro-Regular.ttf */,
				89CFF49F1CD395F700F0097E /* SourceSansPro-Semibold.ttf */,
				89CFF4A01CD395F700F0097E /* SourceSansPro-SemiboldIt.ttf */,
			);
			path = SourceSansPro;
			sourceTree = "<group>";
		};
		89CFF4AF1CD3A6AA00F0097E /* Code */ = {
			isa = PBXGroup;
			children = (
				89CFF4BB1CD3C0FE00F0097E /* Common */,
				89CFF4B51CD3A85000F0097E /* AppDelegate */,
				89CFF4B11CD3A72A00F0097E /* Services */,
				89CFF4B01CD3A6F600F0097E /* ViewControllers */,
			);
			path = Code;
			sourceTree = "<group>";
		};
		89CFF4B01CD3A6F600F0097E /* ViewControllers */ = {
			isa = PBXGroup;
			children = (
				89CFF4B61CD3ACA900F0097E /* ResetPasswordViewController */,
				89CFF4B41CD3A7EE00F0097E /* HomeViewController */,
				89CFF4B31CD3A7DD00F0097E /* LoginViewController */,
			);
			path = ViewControllers;
			sourceTree = "<group>";
		};
		89CFF4B11CD3A72A00F0097E /* Services */ = {
			isa = PBXGroup;
			children = (
				89CFF4B21CD3A73700F0097E /* APIManager */,
			);
			path = Services;
			sourceTree = "<group>";
		};
		89CFF4B21CD3A73700F0097E /* APIManager */ = {
			isa = PBXGroup;
			children = (
				74887B1A1CC59BD400EC677E /* SessionManager.swift */,
			);
			path = APIManager;
			sourceTree = "<group>";
		};
		89CFF4B31CD3A7DD00F0097E /* LoginViewController */ = {
			isa = PBXGroup;
			children = (
				74887B161CC5997400EC677E /* LoginViewController.swift */,
			);
			path = LoginViewController;
			sourceTree = "<group>";
		};
		89CFF4B41CD3A7EE00F0097E /* HomeViewController */ = {
			isa = PBXGroup;
			children = (
				74887B181CC599B100EC677E /* MainViewController.swift */,
			);
			path = HomeViewController;
			sourceTree = "<group>";
		};
		89CFF4B51CD3A85000F0097E /* AppDelegate */ = {
			isa = PBXGroup;
			children = (
				5D5739151EEFE4C900704E73 /* AppDelegate.swift */,
			);
			path = AppDelegate;
			sourceTree = "<group>";
		};
		89CFF4B61CD3ACA900F0097E /* ResetPasswordViewController */ = {
			isa = PBXGroup;
			children = (
				89CFF4B71CD3ACCD00F0097E /* ResetPasswordViewController.swift */,
			);
			path = ResetPasswordViewController;
			sourceTree = "<group>";
		};
		89CFF4BB1CD3C0FE00F0097E /* Common */ = {
			isa = PBXGroup;
			children = (
				8908B4661CD9E90D005CC547 /* Extensions */,
				89CFF4BC1CD3C10D00F0097E /* Constants */,
			);
			path = Common;
			sourceTree = "<group>";
		};
		89CFF4BC1CD3C10D00F0097E /* Constants */ = {
			isa = PBXGroup;
			children = (
				89CFF4BD1CD3C12000F0097E /* APIConstants */,
			);
			path = Constants;
			sourceTree = "<group>";
		};
		89CFF4BD1CD3C12000F0097E /* APIConstants */ = {
			isa = PBXGroup;
			children = (
				89CFF4BE1CD3C14D00F0097E /* APIConstants.swift */,
			);
			path = APIConstants;
			sourceTree = "<group>";
		};
/* End PBXGroup section */

/* Begin PBXNativeTarget section */
		74887AFE1CC592D100EC677E /* 111Secuirty */ = {
			isa = PBXNativeTarget;
			buildConfigurationList = 74887B111CC592D100EC677E /* Build configuration list for PBXNativeTarget "111Secuirty" */;
			buildPhases = (
				027DA43EDB52BB772C3F6D02 /* [CP] Check Pods Manifest.lock */,
				74887AFB1CC592D100EC677E /* Sources */,
				74887AFC1CC592D100EC677E /* Frameworks */,
				74887AFD1CC592D100EC677E /* Resources */,
				74E6A5A31CCFC0E0009C8811 /* Embed Frameworks */,
				8908B47E1CD9F644005CC547 /* Embed App Extensions */,
				A54CA618E304AEA2FE382DD9 /* [CP] Embed Pods Frameworks */,
				2EFCFBFC6A534AF020DCC939 /* [CP] Copy Pods Resources */,
			);
			buildRules = (
			);
			dependencies = (
				8908B4791CD9F643005CC547 /* PBXTargetDependency */,
			);
			name = 111Secuirty;
			productName = 111Secuirty;
			productReference = 74887AFF1CC592D100EC677E /* 111Key.app */;
			productType = "com.apple.product-type.application";
		};
		8908B46D1CD9F643005CC547 /* Door Widget */ = {
			isa = PBXNativeTarget;
			buildConfigurationList = 8908B47B1CD9F644005CC547 /* Build configuration list for PBXNativeTarget "Door Widget" */;
			buildPhases = (
				8D437042894D0331458F7C38 /* [CP] Check Pods Manifest.lock */,
				8908B46A1CD9F643005CC547 /* Sources */,
				8908B46B1CD9F643005CC547 /* Frameworks */,
				8908B46C1CD9F643005CC547 /* Resources */,
				9FCD7E6D2C38250854EAA639 /* [CP] Copy Pods Resources */,
			);
			buildRules = (
			);
			dependencies = (
			);
			name = "Door Widget";
			productName = "Door Widget";
			productReference = 8908B46E1CD9F643005CC547 /* 111 Key Widget.appex */;
			productType = "com.apple.product-type.app-extension";
		};
/* End PBXNativeTarget section */

/* Begin PBXProject section */
		74887AF71CC592D100EC677E /* Project object */ = {
			isa = PBXProject;
			attributes = {
				LastSwiftUpdateCheck = 0730;
				LastUpgradeCheck = 0730;
				ORGANIZATIONNAME = "Egor Bozko";
				TargetAttributes = {
					74887AFE1CC592D100EC677E = {
						CreatedOnToolsVersion = 7.3;
						DevelopmentTeam = Y6ZXAWRWJ9;
						LastSwiftMigration = 0830;
						SystemCapabilities = {
							com.apple.ApplicationGroups.iOS = {
								enabled = 1;
							};
						};
					};
					8908B46D1CD9F643005CC547 = {
						CreatedOnToolsVersion = 7.3;
						DevelopmentTeam = Y6ZXAWRWJ9;
						LastSwiftMigration = 0830;
						SystemCapabilities = {
							com.apple.ApplicationGroups.iOS = {
								enabled = 1;
							};
						};
					};
				};
			};
			buildConfigurationList = 74887AFA1CC592D100EC677E /* Build configuration list for PBXProject "111Secuirty" */;
			compatibilityVersion = "Xcode 3.2";
			developmentRegion = English;
			hasScannedForEncodings = 0;
			knownRegions = (
				en,
				Base,
			);
			mainGroup = 74887AF61CC592D100EC677E;
			productRefGroup = 74887B001CC592D100EC677E /* Products */;
			projectDirPath = "";
			projectRoot = "";
			targets = (
				74887AFE1CC592D100EC677E /* 111Secuirty */,
				8908B46D1CD9F643005CC547 /* Door Widget */,
			);
		};
/* End PBXProject section */

/* Begin PBXResourcesBuildPhase section */
		74887AFD1CC592D100EC677E /* Resources */ = {
			isa = PBXResourcesBuildPhase;
			buildActionMask = 2147483647;
			files = (
				89CFF48F1CD395CF00F0097E /* KlartextMono-Medium.ttf in Resources */,
				89CFF4A31CD395F700F0097E /* SourceSansPro-Bold.ttf in Resources */,
				89CFF4A61CD395F700F0097E /* SourceSansPro-ExtraLightIt.ttf in Resources */,
				89CFF4AB1CD395F700F0097E /* SourceSansPro-Semibold.ttf in Resources */,
				89CFF48C1CD395CF00F0097E /* KlartextMono-Italic.ttf in Resources */,
				89CFF4A21CD395F700F0097E /* SourceSansPro-BlackIt.ttf in Resources */,
				74887B0D1CC592D100EC677E /* LaunchScreen.storyboard in Resources */,
				89CFF4A41CD395F700F0097E /* SourceSansPro-BoldIt.ttf in Resources */,
				89CFF4901CD395CF00F0097E /* KlartextMono-MediumItalic.ttf in Resources */,
				89CFF4A51CD395F700F0097E /* SourceSansPro-ExtraLight.ttf in Resources */,
				89CFF48A1CD395CF00F0097E /* KlartextMono-Bold.ttf in Resources */,
				89CFF4AA1CD395F700F0097E /* SourceSansPro-Regular.ttf in Resources */,
				89CFF4A71CD395F700F0097E /* SourceSansPro-It.ttf in Resources */,
				89CFF4AC1CD395F700F0097E /* SourceSansPro-SemiboldIt.ttf in Resources */,
				74887B0A1CC592D100EC677E /* Assets.xcassets in Resources */,
				89CFF4A81CD395F700F0097E /* SourceSansPro-Light.ttf in Resources */,
				89CFF4911CD395CF00F0097E /* KlartextMono-Regular.ttf in Resources */,
				74887B081CC592D100EC677E /* Main.storyboard in Resources */,
				89CFF48E1CD395CF00F0097E /* KlartextMono-LightItalic.ttf in Resources */,
				89CFF48B1CD395CF00F0097E /* KlartextMono-BoldItalic.ttf in Resources */,
				89CFF4921CD395CF00F0097E /* KlartextMono-Thin.ttf in Resources */,
				89CFF4A91CD395F700F0097E /* SourceSansPro-LightIt.ttf in Resources */,
				89CFF48D1CD395CF00F0097E /* KlartextMono-Light.ttf in Resources */,
				89CFF4A11CD395F700F0097E /* SourceSansPro-Black.ttf in Resources */,
				89CFF4931CD395CF00F0097E /* KlartextMono-ThinItalic.ttf in Resources */,
			);
			runOnlyForDeploymentPostprocessing = 0;
		};
		8908B46C1CD9F643005CC547 /* Resources */ = {
			isa = PBXResourcesBuildPhase;
			buildActionMask = 2147483647;
			files = (
				898474E21CDA304B000952B9 /* SourceSansPro-BoldIt.ttf in Resources */,
				898474F01CDA3051000952B9 /* KlartextMono-Medium.ttf in Resources */,
				898474E31CDA304B000952B9 /* SourceSansPro-ExtraLight.ttf in Resources */,
				898474EA1CDA304B000952B9 /* SourceSansPro-SemiboldIt.ttf in Resources */,
				898474EC1CDA3051000952B9 /* KlartextMono-BoldItalic.ttf in Resources */,
				898474E71CDA304B000952B9 /* SourceSansPro-LightIt.ttf in Resources */,
				898474EE1CDA3051000952B9 /* KlartextMono-Light.ttf in Resources */,
				8908B47F1CDA111B005CC547 /* Assets.xcassets in Resources */,
				898474E61CDA304B000952B9 /* SourceSansPro-Light.ttf in Resources */,
				898474DF1CDA304B000952B9 /* SourceSansPro-Black.ttf in Resources */,
				898474E11CDA304B000952B9 /* SourceSansPro-Bold.ttf in Resources */,
				898474E51CDA304B000952B9 /* SourceSansPro-It.ttf in Resources */,
				898474E91CDA304B000952B9 /* SourceSansPro-Semibold.ttf in Resources */,
				898474F41CDA3051000952B9 /* KlartextMono-ThinItalic.ttf in Resources */,
				898474ED1CDA3051000952B9 /* KlartextMono-Italic.ttf in Resources */,
				898474F11CDA3051000952B9 /* KlartextMono-MediumItalic.ttf in Resources */,
				8908B4761CD9F643005CC547 /* MainInterface.storyboard in Resources */,
				898474F31CDA3051000952B9 /* KlartextMono-Thin.ttf in Resources */,
				898474E01CDA304B000952B9 /* SourceSansPro-BlackIt.ttf in Resources */,
				898474EB1CDA3051000952B9 /* KlartextMono-Bold.ttf in Resources */,
				898474EF1CDA3051000952B9 /* KlartextMono-LightItalic.ttf in Resources */,
				898474F21CDA3051000952B9 /* KlartextMono-Regular.ttf in Resources */,
				898474E41CDA304B000952B9 /* SourceSansPro-ExtraLightIt.ttf in Resources */,
				898474E81CDA304B000952B9 /* SourceSansPro-Regular.ttf in Resources */,
			);
			runOnlyForDeploymentPostprocessing = 0;
		};
/* End PBXResourcesBuildPhase section */

/* Begin PBXShellScriptBuildPhase section */
		027DA43EDB52BB772C3F6D02 /* [CP] Check Pods Manifest.lock */ = {
			isa = PBXShellScriptBuildPhase;
			buildActionMask = 2147483647;
			files = (
			);
			inputPaths = (
			);
			name = "[CP] Check Pods Manifest.lock";
			outputPaths = (
			);
			runOnlyForDeploymentPostprocessing = 0;
			shellPath = /bin/sh;
			shellScript = "diff \"${PODS_PODFILE_DIR_PATH}/Podfile.lock\" \"${PODS_ROOT}/Manifest.lock\" > /dev/null\nif [ $? != 0 ] ; then\n    # print error to STDERR\n    echo \"error: The sandbox is not in sync with the Podfile.lock. Run 'pod install' or update your CocoaPods installation.\" >&2\n    exit 1\nfi\n";
			showEnvVarsInLog = 0;
		};
		2EFCFBFC6A534AF020DCC939 /* [CP] Copy Pods Resources */ = {
			isa = PBXShellScriptBuildPhase;
			buildActionMask = 2147483647;
			files = (
			);
			inputPaths = (
			);
			name = "[CP] Copy Pods Resources";
			outputPaths = (
			);
			runOnlyForDeploymentPostprocessing = 0;
			shellPath = /bin/sh;
			shellScript = "\"${SRCROOT}/Pods/Target Support Files/Pods-111Secuirty/Pods-111Secuirty-resources.sh\"\n";
			showEnvVarsInLog = 0;
		};
		8D437042894D0331458F7C38 /* [CP] Check Pods Manifest.lock */ = {
			isa = PBXShellScriptBuildPhase;
			buildActionMask = 2147483647;
			files = (
			);
			inputPaths = (
			);
			name = "[CP] Check Pods Manifest.lock";
			outputPaths = (
			);
			runOnlyForDeploymentPostprocessing = 0;
			shellPath = /bin/sh;
			shellScript = "diff \"${PODS_PODFILE_DIR_PATH}/Podfile.lock\" \"${PODS_ROOT}/Manifest.lock\" > /dev/null\nif [ $? != 0 ] ; then\n    # print error to STDERR\n    echo \"error: The sandbox is not in sync with the Podfile.lock. Run 'pod install' or update your CocoaPods installation.\" >&2\n    exit 1\nfi\n";
			showEnvVarsInLog = 0;
		};
		9FCD7E6D2C38250854EAA639 /* [CP] Copy Pods Resources */ = {
			isa = PBXShellScriptBuildPhase;
			buildActionMask = 2147483647;
			files = (
			);
			inputPaths = (
			);
			name = "[CP] Copy Pods Resources";
			outputPaths = (
			);
			runOnlyForDeploymentPostprocessing = 0;
			shellPath = /bin/sh;
			shellScript = "\"${SRCROOT}/Pods/Target Support Files/Pods-Door Widget/Pods-Door Widget-resources.sh\"\n";
			showEnvVarsInLog = 0;
		};
		A54CA618E304AEA2FE382DD9 /* [CP] Embed Pods Frameworks */ = {
			isa = PBXShellScriptBuildPhase;
			buildActionMask = 2147483647;
			files = (
			);
			inputPaths = (
			);
			name = "[CP] Embed Pods Frameworks";
			outputPaths = (
			);
			runOnlyForDeploymentPostprocessing = 0;
			shellPath = /bin/sh;
			shellScript = "\"${SRCROOT}/Pods/Target Support Files/Pods-111Secuirty/Pods-111Secuirty-frameworks.sh\"\n";
			showEnvVarsInLog = 0;
		};
/* End PBXShellScriptBuildPhase section */

/* Begin PBXSourcesBuildPhase section */
		74887AFB1CC592D100EC677E /* Sources */ = {
			isa = PBXSourcesBuildPhase;
			buildActionMask = 2147483647;
			files = (
				5D5739161EEFE4C900704E73 /* AppDelegate.swift in Sources */,
				74887B1B1CC59BD400EC677E /* SessionManager.swift in Sources */,
				74887B191CC599B100EC677E /* MainViewController.swift in Sources */,
				89CFF4BF1CD3C14D00F0097E /* APIConstants.swift in Sources */,
				89CFF4B81CD3ACCD00F0097E /* ResetPasswordViewController.swift in Sources */,
				74887B171CC5997400EC677E /* LoginViewController.swift in Sources */,
				8908B4691CD9E94D005CC547 /* String+Validation.swift in Sources */,
			);
			runOnlyForDeploymentPostprocessing = 0;
		};
		8908B46A1CD9F643005CC547 /* Sources */ = {
			isa = PBXSourcesBuildPhase;
			buildActionMask = 2147483647;
			files = (
				89CB458F1CDB2FC50085018B /* APIConstants.swift in Sources */,
				8908B4731CD9F643005CC547 /* TodayViewController.swift in Sources */,
				89CB45901CDB2FEC0085018B /* SessionManager.swift in Sources */,
			);
			runOnlyForDeploymentPostprocessing = 0;
		};
/* End PBXSourcesBuildPhase section */

/* Begin PBXTargetDependency section */
		8908B4791CD9F643005CC547 /* PBXTargetDependency */ = {
			isa = PBXTargetDependency;
			target = 8908B46D1CD9F643005CC547 /* Door Widget */;
			targetProxy = 8908B4781CD9F643005CC547 /* PBXContainerItemProxy */;
		};
/* End PBXTargetDependency section */

/* Begin PBXVariantGroup section */
		74887B061CC592D100EC677E /* Main.storyboard */ = {
			isa = PBXVariantGroup;
			children = (
				74887B071CC592D100EC677E /* Base */,
			);
			name = Main.storyboard;
			sourceTree = "<group>";
		};
		74887B0B1CC592D100EC677E /* LaunchScreen.storyboard */ = {
			isa = PBXVariantGroup;
			children = (
				74887B0C1CC592D100EC677E /* Base */,
			);
			name = LaunchScreen.storyboard;
			sourceTree = "<group>";
		};
		8908B4741CD9F643005CC547 /* MainInterface.storyboard */ = {
			isa = PBXVariantGroup;
			children = (
				8908B4751CD9F643005CC547 /* Base */,
			);
			name = MainInterface.storyboard;
			sourceTree = "<group>";
		};
/* End PBXVariantGroup section */

/* Begin XCBuildConfiguration section */
		74887B0F1CC592D100EC677E /* Debug */ = {
			isa = XCBuildConfiguration;
			buildSettings = {
				ALWAYS_SEARCH_USER_PATHS = NO;
				CLANG_ANALYZER_NONNULL = YES;
				CLANG_CXX_LANGUAGE_STANDARD = "gnu++0x";
				CLANG_CXX_LIBRARY = "libc++";
				CLANG_ENABLE_MODULES = YES;
				CLANG_ENABLE_OBJC_ARC = YES;
				CLANG_WARN_BOOL_CONVERSION = YES;
				CLANG_WARN_CONSTANT_CONVERSION = YES;
				CLANG_WARN_DIRECT_OBJC_ISA_USAGE = YES_ERROR;
				CLANG_WARN_EMPTY_BODY = YES;
				CLANG_WARN_ENUM_CONVERSION = YES;
				CLANG_WARN_INT_CONVERSION = YES;
				CLANG_WARN_OBJC_ROOT_CLASS = YES_ERROR;
				CLANG_WARN_UNREACHABLE_CODE = YES;
				CLANG_WARN__DUPLICATE_METHOD_MATCH = YES;
				"CODE_SIGN_IDENTITY[sdk=iphoneos*]" = "iPhone Developer";
				COPY_PHASE_STRIP = NO;
				DEBUG_INFORMATION_FORMAT = dwarf;
				ENABLE_STRICT_OBJC_MSGSEND = YES;
				ENABLE_TESTABILITY = YES;
				GCC_C_LANGUAGE_STANDARD = gnu99;
				GCC_DYNAMIC_NO_PIC = NO;
				GCC_NO_COMMON_BLOCKS = YES;
				GCC_OPTIMIZATION_LEVEL = 0;
				GCC_PREPROCESSOR_DEFINITIONS = (
					"DEBUG=1",
					"$(inherited)",
				);
				GCC_WARN_64_TO_32_BIT_CONVERSION = YES;
				GCC_WARN_ABOUT_RETURN_TYPE = YES_ERROR;
				GCC_WARN_UNDECLARED_SELECTOR = YES;
				GCC_WARN_UNINITIALIZED_AUTOS = YES_AGGRESSIVE;
				GCC_WARN_UNUSED_FUNCTION = YES;
				GCC_WARN_UNUSED_VARIABLE = YES;
				IPHONEOS_DEPLOYMENT_TARGET = 8.0;
				MTL_ENABLE_DEBUG_INFO = YES;
				ONLY_ACTIVE_ARCH = YES;
				SDKROOT = iphoneos;
				SWIFT_OPTIMIZATION_LEVEL = "-Onone";
				SWIFT_VERSION = 2.3;
			};
			name = Debug;
		};
		74887B101CC592D100EC677E /* Release */ = {
			isa = XCBuildConfiguration;
			buildSettings = {
				ALWAYS_SEARCH_USER_PATHS = NO;
				CLANG_ANALYZER_NONNULL = YES;
				CLANG_CXX_LANGUAGE_STANDARD = "gnu++0x";
				CLANG_CXX_LIBRARY = "libc++";
				CLANG_ENABLE_MODULES = YES;
				CLANG_ENABLE_OBJC_ARC = YES;
				CLANG_WARN_BOOL_CONVERSION = YES;
				CLANG_WARN_CONSTANT_CONVERSION = YES;
				CLANG_WARN_DIRECT_OBJC_ISA_USAGE = YES_ERROR;
				CLANG_WARN_EMPTY_BODY = YES;
				CLANG_WARN_ENUM_CONVERSION = YES;
				CLANG_WARN_INT_CONVERSION = YES;
				CLANG_WARN_OBJC_ROOT_CLASS = YES_ERROR;
				CLANG_WARN_UNREACHABLE_CODE = YES;
				CLANG_WARN__DUPLICATE_METHOD_MATCH = YES;
				"CODE_SIGN_IDENTITY[sdk=iphoneos*]" = "iPhone Developer";
				COPY_PHASE_STRIP = NO;
				DEBUG_INFORMATION_FORMAT = "dwarf-with-dsym";
				ENABLE_NS_ASSERTIONS = NO;
				ENABLE_STRICT_OBJC_MSGSEND = YES;
				GCC_C_LANGUAGE_STANDARD = gnu99;
				GCC_NO_COMMON_BLOCKS = YES;
				GCC_WARN_64_TO_32_BIT_CONVERSION = YES;
				GCC_WARN_ABOUT_RETURN_TYPE = YES_ERROR;
				GCC_WARN_UNDECLARED_SELECTOR = YES;
				GCC_WARN_UNINITIALIZED_AUTOS = YES_AGGRESSIVE;
				GCC_WARN_UNUSED_FUNCTION = YES;
				GCC_WARN_UNUSED_VARIABLE = YES;
				IPHONEOS_DEPLOYMENT_TARGET = 8.0;
				MTL_ENABLE_DEBUG_INFO = NO;
				SDKROOT = iphoneos;
				SWIFT_VERSION = 2.3;
				VALIDATE_PRODUCT = YES;
			};
			name = Release;
		};
		74887B121CC592D100EC677E /* Debug */ = {
			isa = XCBuildConfiguration;
			baseConfigurationReference = 13A7D5F116B5C8A5852EB976 /* Pods-111Secuirty.debug.xcconfig */;
			buildSettings = {
				ASSETCATALOG_COMPILER_APPICON_NAME = AppIcon;
				CLANG_ENABLE_MODULES = YES;
				CODE_SIGN_ENTITLEMENTS = "111Secuirty/111 Door.entitlements";
				CODE_SIGN_IDENTITY = "iPhone Distribution: 111 minutes LLC";
				"CODE_SIGN_IDENTITY[sdk=iphoneos*]" = "iPhone Distribution: 111 minutes LLC";
				DEVELOPMENT_TEAM = Y6ZXAWRWJ9;
				EMBEDDED_CONTENT_CONTAINS_SWIFT = "$(inherited)";
				FRAMEWORK_SEARCH_PATHS = (
					"$(inherited)",
					"$(PROJECT_DIR)/build/Debug-iphoneos",
				);
				INFOPLIST_FILE = 111Secuirty/Info.plist;
				IPHONEOS_DEPLOYMENT_TARGET = 8.0;
				LD_RUNPATH_SEARCH_PATHS = "$(inherited) @executable_path/Frameworks";
				PRODUCT_BUNDLE_IDENTIFIER = com.111minutes.thedoor;
				PRODUCT_NAME = 111Key;
				PROVISIONING_PROFILE = "7764ef14-f552-41b6-8754-47f0a85fc0ce";
				PROVISIONING_PROFILE_SPECIFIER = "The Door Enterprise";
				SWIFT_OBJC_BRIDGING_HEADER = "";
				SWIFT_OPTIMIZATION_LEVEL = "-Onone";
				SWIFT_VERSION = 3.0;
			};
			name = Debug;
		};
		74887B131CC592D100EC677E /* Release */ = {
			isa = XCBuildConfiguration;
			baseConfigurationReference = 7F4F90BC5CEBE0ECA1E9A6DE /* Pods-111Secuirty.release.xcconfig */;
			buildSettings = {
				ASSETCATALOG_COMPILER_APPICON_NAME = AppIcon;
				CLANG_ENABLE_MODULES = YES;
				CODE_SIGN_ENTITLEMENTS = "111Secuirty/111 Door.entitlements";
				CODE_SIGN_IDENTITY = "iPhone Distribution: 111 minutes LLC";
				"CODE_SIGN_IDENTITY[sdk=iphoneos*]" = "iPhone Distribution: 111 minutes LLC";
				DEVELOPMENT_TEAM = Y6ZXAWRWJ9;
				EMBEDDED_CONTENT_CONTAINS_SWIFT = "$(inherited)";
				FRAMEWORK_SEARCH_PATHS = (
					"$(inherited)",
					"$(PROJECT_DIR)/build/Debug-iphoneos",
				);
				INFOPLIST_FILE = 111Secuirty/Info.plist;
				IPHONEOS_DEPLOYMENT_TARGET = 8.0;
				LD_RUNPATH_SEARCH_PATHS = "$(inherited) @executable_path/Frameworks";
				PRODUCT_BUNDLE_IDENTIFIER = com.111minutes.thedoor;
				PRODUCT_NAME = 111Key;
				PROVISIONING_PROFILE = "7764ef14-f552-41b6-8754-47f0a85fc0ce";
				PROVISIONING_PROFILE_SPECIFIER = "The Door Enterprise";
				SWIFT_OBJC_BRIDGING_HEADER = "";
				SWIFT_VERSION = 3.0;
			};
			name = Release;
		};
		8908B47C1CD9F644005CC547 /* Debug */ = {
			isa = XCBuildConfiguration;
			baseConfigurationReference = D9BB408B3E06DCF5C034F9F4 /* Pods-Door Widget.debug.xcconfig */;
			buildSettings = {
				CLANG_ENABLE_MODULES = YES;
				CODE_SIGN_ENTITLEMENTS = "Door Widget/Door Widget.entitlements";
				CODE_SIGN_IDENTITY = "iPhone Distribution: 111 minutes LLC";
				"CODE_SIGN_IDENTITY[sdk=iphoneos*]" = "iPhone Distribution: 111 minutes LLC";
				DEVELOPMENT_TEAM = Y6ZXAWRWJ9;
				INFOPLIST_FILE = "Door Widget/Info.plist";
				IPHONEOS_DEPLOYMENT_TARGET = 8.0;
				LD_RUNPATH_SEARCH_PATHS = "$(inherited) @executable_path/Frameworks @executable_path/../../Frameworks";
				PRODUCT_BUNDLE_IDENTIFIER = "com.111minutes.thedoor.Door-Widget";
				PRODUCT_NAME = "111 Key Widget";
				PROVISIONING_PROFILE = "897db6f0-f43e-48b3-86f5-30f96375fd6b";
				PROVISIONING_PROFILE_SPECIFIER = "111 Door Widget";
				SKIP_INSTALL = YES;
				SWIFT_OBJC_BRIDGING_HEADER = "";
				SWIFT_OPTIMIZATION_LEVEL = "-Onone";
				SWIFT_VERSION = 3.0;
			};
			name = Debug;
		};
		8908B47D1CD9F644005CC547 /* Release */ = {
			isa = XCBuildConfiguration;
			baseConfigurationReference = 3CB95D01645E0FB6AF365BD3 /* Pods-Door Widget.release.xcconfig */;
			buildSettings = {
				CLANG_ENABLE_MODULES = YES;
				CODE_SIGN_ENTITLEMENTS = "Door Widget/Door Widget.entitlements";
				CODE_SIGN_IDENTITY = "iPhone Distribution: 111 minutes LLC";
				"CODE_SIGN_IDENTITY[sdk=iphoneos*]" = "iPhone Distribution: 111 minutes LLC";
				DEVELOPMENT_TEAM = Y6ZXAWRWJ9;
				INFOPLIST_FILE = "Door Widget/Info.plist";
				IPHONEOS_DEPLOYMENT_TARGET = 8.0;
				LD_RUNPATH_SEARCH_PATHS = "$(inherited) @executable_path/Frameworks @executable_path/../../Frameworks";
				PRODUCT_BUNDLE_IDENTIFIER = "com.111minutes.thedoor.Door-Widget";
				PRODUCT_NAME = "111 Key Widget";
				PROVISIONING_PROFILE = "897db6f0-f43e-48b3-86f5-30f96375fd6b";
				PROVISIONING_PROFILE_SPECIFIER = "111 Door Widget";
				SKIP_INSTALL = YES;
				SWIFT_OBJC_BRIDGING_HEADER = "";
				SWIFT_VERSION = 3.0;
			};
			name = Release;
		};
/* End XCBuildConfiguration section */

/* Begin XCConfigurationList section */
		74887AFA1CC592D100EC677E /* Build configuration list for PBXProject "111Secuirty" */ = {
			isa = XCConfigurationList;
			buildConfigurations = (
				74887B0F1CC592D100EC677E /* Debug */,
				74887B101CC592D100EC677E /* Release */,
			);
			defaultConfigurationIsVisible = 0;
			defaultConfigurationName = Release;
		};
		74887B111CC592D100EC677E /* Build configuration list for PBXNativeTarget "111Secuirty" */ = {
			isa = XCConfigurationList;
			buildConfigurations = (
				74887B121CC592D100EC677E /* Debug */,
				74887B131CC592D100EC677E /* Release */,
			);
			defaultConfigurationIsVisible = 0;
			defaultConfigurationName = Release;
		};
		8908B47B1CD9F644005CC547 /* Build configuration list for PBXNativeTarget "Door Widget" */ = {
			isa = XCConfigurationList;
			buildConfigurations = (
				8908B47C1CD9F644005CC547 /* Debug */,
				8908B47D1CD9F644005CC547 /* Release */,
			);
			defaultConfigurationIsVisible = 0;
			defaultConfigurationName = Release;
		};
/* End XCConfigurationList section */
	};
	rootObject = 74887AF71CC592D100EC677E /* Project object */;
}
