// !$*UTF8*$!
{
	archiveVersion = 1;
	classes = {
	};
	objectVersion = 46;
	objects = {

/* Begin PBXBuildFile section */
		5D5739161EEFE4C900704E73 /* AppDelegate.swift in Sources */ = {isa = PBXBuildFile; fileRef = 5D5739151EEFE4C900704E73 /* AppDelegate.swift */; };
		74887B081CC592D100EC677E /* Main.storyboard in Resources */ = {isa = PBXBuildFile; fileRef = 74887B061CC592D100EC677E /* Main.storyboard */; };
		74887B0A1CC592D100EC677E /* Assets.xcassets in Resources */ = {isa = PBXBuildFile; fileRef = 74887B091CC592D100EC677E /* Assets.xcassets */; };
		74887B0D1CC592D100EC677E /* LaunchScreen.storyboard in Resources */ = {isa = PBXBuildFile; fileRef = 74887B0B1CC592D100EC677E /* LaunchScreen.storyboard */; };
		74887B171CC5997400EC677E /* LoginViewController.swift in Sources */ = {isa = PBXBuildFile; fileRef = 74887B161CC5997400EC677E /* LoginViewController.swift */; };
		74887B191CC599B100EC677E /* MainViewController.swift in Sources */ = {isa = PBXBuildFile; fileRef = 74887B181CC599B100EC677E /* MainViewController.swift */; };
		74887B1B1CC59BD400EC677E /* SessionManager.swift in Sources */ = {isa = PBXBuildFile; fileRef = 74887B1A1CC59BD400EC677E /* SessionManager.swift */; };
		8908B4691CD9E94D005CC547 /* String+Validation.swift in Sources */ = {isa = PBXBuildFile; fileRef = 8908B4681CD9E94D005CC547 /* String+Validation.swift */; };
		8908B4701CD9F643005CC547 /* NotificationCenter.framework in Frameworks */ = {isa = PBXBuildFile; fileRef = 8908B46F1CD9F643005CC547 /* NotificationCenter.framework */; };
		8908B4731CD9F643005CC547 /* TodayViewController.swift in Sources */ = {isa = PBXBuildFile; fileRef = 8908B4721CD9F643005CC547 /* TodayViewController.swift */; };
		8908B4761CD9F643005CC547 /* MainInterface.storyboard in Resources */ = {isa = PBXBuildFile; fileRef = 8908B4741CD9F643005CC547 /* MainInterface.storyboard */; };
		8908B47A1CD9F643005CC547 /* 111 Key Widget.appex in Embed App Extensions */ = {isa = PBXBuildFile; fileRef = 8908B46E1CD9F643005CC547 /* 111 Key Widget.appex */; settings = {ATTRIBUTES = (RemoveHeadersOnCopy, ); }; };
		8908B47F1CDA111B005CC547 /* Assets.xcassets in Resources */ = {isa = PBXBuildFile; fileRef = 74887B091CC592D100EC677E /* Assets.xcassets */; };
		898474DF1CDA304B000952B9 /* SourceSansPro-Black.ttf in Resources */ = {isa = PBXBuildFile; fileRef = 89CFF4951CD395F700F0097E /* SourceSansPro-Black.ttf */; };
		898474E01CDA304B000952B9 /* SourceSansPro-BlackIt.ttf in Resources */ = {isa = PBXBuildFile; fileRef = 89CFF4961CD395F700F0097E /* SourceSansPro-BlackIt.ttf */; };
		898474E11CDA304B000952B9 /* SourceSansPro-Bold.ttf in Resources */ = {isa = PBXBuildFile; fileRef = 89CFF4971CD395F700F0097E /* SourceSansPro-Bold.ttf */; };
		898474E21CDA304B000952B9 /* SourceSansPro-BoldIt.ttf in Resources */ = {isa = PBXBuildFile; fileRef = 89CFF4981CD395F700F0097E /* SourceSansPro-BoldIt.ttf */; };
		898474E31CDA304B000952B9 /* SourceSansPro-ExtraLight.ttf in Resources */ = {isa = PBXBuildFile; fileRef = 89CFF4991CD395F700F0097E /* SourceSansPro-ExtraLight.ttf */; };
		898474E41CDA304B000952B9 /* SourceSansPro-ExtraLightIt.ttf in Resources */ = {isa = PBXBuildFile; fileRef = 89CFF49A1CD395F700F0097E /* SourceSansPro-ExtraLightIt.ttf */; };
		898474E51CDA304B000952B9 /* SourceSansPro-It.ttf in Resources */ = {isa = PBXBuildFile; fileRef = 89CFF49B1CD395F700F0097E /* SourceSansPro-It.ttf */; };
		898474E61CDA304B000952B9 /* SourceSansPro-Light.ttf in Resources */ = {isa = PBXBuildFile; fileRef = 89CFF49C1CD395F700F0097E /* SourceSansPro-Light.ttf */; };
		898474E71CDA304B000952B9 /* SourceSansPro-LightIt.ttf in Resources */ = {isa = PBXBuildFile; fileRef = 89CFF49D1CD395F700F0097E /* SourceSansPro-LightIt.ttf */; };
		898474E81CDA304B000952B9 /* SourceSansPro-Regular.ttf in Resources */ = {isa = PBXBuildFile; fileRef = 89CFF49E1CD395F700F0097E /* SourceSansPro-Regular.ttf */; };
		898474E91CDA304B000952B9 /* SourceSansPro-Semibold.ttf in Resources */ = {isa = PBXBuildFile; fileRef = 89CFF49F1CD395F700F0097E /* SourceSansPro-Semibold.ttf */; };
		898474EA1CDA304B000952B9 /* SourceSansPro-SemiboldIt.ttf in Resources */ = {isa = PBXBuildFile; fileRef = 89CFF4A01CD395F700F0097E /* SourceSansPro-SemiboldIt.ttf */; };
		898474EB1CDA3051000952B9 /* KlartextMono-Bold.ttf in Resources */ = {isa = PBXBuildFile; fileRef = 89CFF4801CD395CF00F0097E /* KlartextMono-Bold.ttf */; };
		898474EC1CDA3051000952B9 /* KlartextMono-BoldItalic.ttf in Resources */ = {isa = PBXBuildFile; fileRef = 89CFF4811CD395CF00F0097E /* KlartextMono-BoldItalic.ttf */; };
		898474ED1CDA3051000952B9 /* KlartextMono-Italic.ttf in Resources */ = {isa = PBXBuildFile; fileRef = 89CFF4821CD395CF00F0097E /* KlartextMono-Italic.ttf */; };
		898474EE1CDA3051000952B9 /* KlartextMono-Light.ttf in Resources */ = {isa = PBXBuildFile; fileRef = 89CFF4831CD395CF00F0097E /* KlartextMono-Light.ttf */; };
		898474EF1CDA3051000952B9 /* KlartextMono-LightItalic.ttf in Resources */ = {isa = PBXBuildFile; fileRef = 89CFF4841CD395CF00F0097E /* KlartextMono-LightItalic.ttf */; };
		898474F01CDA3051000952B9 /* KlartextMono-Medium.ttf in Resources */ = {isa = PBXBuildFile; fileRef = 89CFF4851CD395CF00F0097E /* KlartextMono-Medium.ttf */; };
		898474F11CDA3051000952B9 /* KlartextMono-MediumItalic.ttf in Resources */ = {isa = PBXBuildFile; fileRef = 89CFF4861CD395CF00F0097E /* KlartextMono-MediumItalic.ttf */; };
		898474F21CDA3051000952B9 /* KlartextMono-Regular.ttf in Resources */ = {isa = PBXBuildFile; fileRef = 89CFF4871CD395CF00F0097E /* KlartextMono-Regular.ttf */; };
		898474F31CDA3051000952B9 /* KlartextMono-Thin.ttf in Resources */ = {isa = PBXBuildFile; fileRef = 89CFF4881CD395CF00F0097E /* KlartextMono-Thin.ttf */; };
		898474F41CDA3051000952B9 /* KlartextMono-ThinItalic.ttf in Resources */ = {isa = PBXBuildFile; fileRef = 89CFF4891CD395CF00F0097E /* KlartextMono-ThinItalic.ttf */; };
		89CB458F1CDB2FC50085018B /* APIConstants.swift in Sources */ = {isa = PBXBuildFile; fileRef = 89CFF4BE1CD3C14D00F0097E /* APIConstants.swift */; };
		89CB45901CDB2FEC0085018B /* SessionManager.swift in Sources */ = {isa = PBXBuildFile; fileRef = 74887B1A1CC59BD400EC677E /* SessionManager.swift */; };
		89CFF48A1CD395CF00F0097E /* KlartextMono-Bold.ttf in Resources */ = {isa = PBXBuildFile; fileRef = 89CFF4801CD395CF00F0097E /* KlartextMono-Bold.ttf */; };
		89CFF48B1CD395CF00F0097E /* KlartextMono-BoldItalic.ttf in Resources */ = {isa = PBXBuildFile; fileRef = 89CFF4811CD395CF00F0097E /* KlartextMono-BoldItalic.ttf */; };
		89CFF48C1CD395CF00F0097E /* KlartextMono-Italic.ttf in Resources */ = {isa = PBXBuildFile; fileRef = 89CFF4821CD395CF00F0097E /* KlartextMono-Italic.ttf */; };
		89CFF48D1CD395CF00F0097E /* KlartextMono-Light.ttf in Resources */ = {isa = PBXBuildFile; fileRef = 89CFF4831CD395CF00F0097E /* KlartextMono-Light.ttf */; };
		89CFF48E1CD395CF00F0097E /* KlartextMono-LightItalic.ttf in Resources */ = {isa = PBXBuildFile; fileRef = 89CFF4841CD395CF00F0097E /* KlartextMono-LightItalic.ttf */; };
		89CFF48F1CD395CF00F0097E /* KlartextMono-Medium.ttf in Resources */ = {isa = PBXBuildFile; fileRef = 89CFF4851CD395CF00F0097E /* KlartextMono-Medium.ttf */; };
		89CFF4901CD395CF00F0097E /* KlartextMono-MediumItalic.ttf in Resources */ = {isa = PBXBuildFile; fileRef = 89CFF4861CD395CF00F0097E /* KlartextMono-MediumItalic.ttf */; };
		89CFF4911CD395CF00F0097E /* KlartextMono-Regular.ttf in Resources */ = {isa = PBXBuildFile; fileRef = 89CFF4871CD395CF00F0097E /* KlartextMono-Regular.ttf */; };
		89CFF4921CD395CF00F0097E /* KlartextMono-Thin.ttf in Resources */ = {isa = PBXBuildFile; fileRef = 89CFF4881CD395CF00F0097E /* KlartextMono-Thin.ttf */; };
		89CFF4931CD395CF00F0097E /* KlartextMono-ThinItalic.ttf in Resources */ = {isa = PBXBuildFile; fileRef = 89CFF4891CD395CF00F0097E /* KlartextMono-ThinItalic.ttf */; };
		89CFF4A11CD395F700F0097E /* SourceSansPro-Black.ttf in Resources */ = {isa = PBXBuildFile; fileRef = 89CFF4951CD395F700F0097E /* SourceSansPro-Black.ttf */; };
		89CFF4A21CD395F700F0097E /* SourceSansPro-BlackIt.ttf in Resources */ = {isa = PBXBuildFile; fileRef = 89CFF4961CD395F700F0097E /* SourceSansPro-BlackIt.ttf */; };
		89CFF4A31CD395F700F0097E /* SourceSansPro-Bold.ttf in Resources */ = {isa = PBXBuildFile; fileRef = 89CFF4971CD395F700F0097E /* SourceSansPro-Bold.ttf */; };
		89CFF4A41CD395F700F0097E /* SourceSansPro-BoldIt.ttf in Resources */ = {isa = PBXBuildFile; fileRef = 89CFF4981CD395F700F0097E /* SourceSansPro-BoldIt.ttf */; };
		89CFF4A51CD395F700F0097E /* SourceSansPro-ExtraLight.ttf in Resources */ = {isa = PBXBuildFile; fileRef = 89CFF4991CD395F700F0097E /* SourceSansPro-ExtraLight.ttf */; };
		89CFF4A61CD395F700F0097E /* SourceSansPro-ExtraLightIt.ttf in Resources */ = {isa = PBXBuildFile; fileRef = 89CFF49A1CD395F700F0097E /* SourceSansPro-ExtraLightIt.ttf */; };
		89CFF4A71CD395F700F0097E /* SourceSansPro-It.ttf in Resources */ = {isa = PBXBuildFile; fileRef = 89CFF49B1CD395F700F0097E /* SourceSansPro-It.ttf */; };
		89CFF4A81CD395F700F0097E /* SourceSansPro-Light.ttf in Resources */ = {isa = PBXBuildFile; fileRef = 89CFF49C1CD395F700F0097E /* SourceSansPro-Light.ttf */; };
		89CFF4A91CD395F700F0097E /* SourceSansPro-LightIt.ttf in Resources */ = {isa = PBXBuildFile; fileRef = 89CFF49D1CD395F700F0097E /* SourceSansPro-LightIt.ttf */; };
		89CFF4AA1CD395F700F0097E /* SourceSansPro-Regular.ttf in Resources */ = {isa = PBXBuildFile; fileRef = 89CFF49E1CD395F700F0097E /* SourceSansPro-Regular.ttf */; };
		89CFF4AB1CD395F700F0097E /* SourceSansPro-Semibold.ttf in Resources */ = {isa = PBXBuildFile; fileRef = 89CFF49F1CD395F700F0097E /* SourceSansPro-Semibold.ttf */; };
		89CFF4AC1CD395F700F0097E /* SourceSansPro-SemiboldIt.ttf in Resources */ = {isa = PBXBuildFile; fileRef = 89CFF4A01CD395F700F0097E /* SourceSansPro-SemiboldIt.ttf */; };
		89CFF4B81CD3ACCD00F0097E /* ResetPasswordViewController.swift in Sources */ = {isa = PBXBuildFile; fileRef = 89CFF4B71CD3ACCD00F0097E /* ResetPasswordViewController.swift */; };
		89CFF4BF1CD3C14D00F0097E /* APIConstants.swift in Sources */ = {isa = PBXBuildFile; fileRef = 89CFF4BE1CD3C14D00F0097E /* APIConstants.swift */; };
		A5A8ED0BE510AD1A7FC28A74 /* Pods_111Secuirty.framework in Frameworks */ = {isa = PBXBuildFile; fileRef = 4A3D9954CCFE11BC99C71DEC /* Pods_111Secuirty.framework */; };
		AA1780D11F444933009C0D27 /* SettingCellsSet.swift in Sources */ = {isa = PBXBuildFile; fileRef = AA1780D01F444933009C0D27 /* SettingCellsSet.swift */; };
		AA36B9741F54747000869794 /* IntentHandler.swift in Sources */ = {isa = PBXBuildFile; fileRef = AA36B9731F54747000869794 /* IntentHandler.swift */; };
		AA36B9881F54747000869794 /* DoorSiri.appex in Embed App Extensions */ = {isa = PBXBuildFile; fileRef = AA36B9711F54747000869794 /* DoorSiri.appex */; settings = {ATTRIBUTES = (RemoveHeadersOnCopy, ); }; };
		AA3DB8791F39F51000040966 /* PhraseAnalyzer.swift in Sources */ = {isa = PBXBuildFile; fileRef = AA3DB8781F39F51000040966 /* PhraseAnalyzer.swift */; };
		AA72449E1F55814E00055684 /* _11KeyTests.swift in Sources */ = {isa = PBXBuildFile; fileRef = AA72449D1F55814E00055684 /* _11KeyTests.swift */; };
		AA7244AC1F55836F00055684 /* _11KeyUITests.swift in Sources */ = {isa = PBXBuildFile; fileRef = AA7244AB1F55836F00055684 /* _11KeyUITests.swift */; };
		AA7244B51F55A68000055684 /* SiriVocabulary.swift in Sources */ = {isa = PBXBuildFile; fileRef = AA7244B41F55A68000055684 /* SiriVocabulary.swift */; };
		AA7244B61F55A68000055684 /* SiriVocabulary.swift in Sources */ = {isa = PBXBuildFile; fileRef = AA7244B41F55A68000055684 /* SiriVocabulary.swift */; };
		AA8DD3641F4C3F9C00143B07 /* RuntimeAssociatedKeys.swift in Sources */ = {isa = PBXBuildFile; fileRef = AA8DD3631F4C3F9C00143B07 /* RuntimeAssociatedKeys.swift */; };
		AA8DD3661F4C403000143B07 /* SpeechRecognizable.swift in Sources */ = {isa = PBXBuildFile; fileRef = AA8DD3651F4C403000143B07 /* SpeechRecognizable.swift */; };
		AA9501C41F4B1138006B206E /* GyroscopeManager.swift in Sources */ = {isa = PBXBuildFile; fileRef = AA9501C31F4B1138006B206E /* GyroscopeManager.swift */; };
		AA9EB9821F41D5DF00E77DE7 /* Animator.swift in Sources */ = {isa = PBXBuildFile; fileRef = AA9EB9811F41D5DF00E77DE7 /* Animator.swift */; };
		AA9EB9851F431D1B00E77DE7 /* SettingsViewController.swift in Sources */ = {isa = PBXBuildFile; fileRef = AA9EB9841F431D1A00E77DE7 /* SettingsViewController.swift */; };
		AAB02BDB1F570CBC008D6259 /* UserDefaultsKeys.swift in Sources */ = {isa = PBXBuildFile; fileRef = AAB02BDA1F570CBC008D6259 /* UserDefaultsKeys.swift */; };
		AACACB1F1F54751C00AA0806 /* SessionManager.swift in Sources */ = {isa = PBXBuildFile; fileRef = 74887B1A1CC59BD400EC677E /* SessionManager.swift */; };
		AACACB201F54759300AA0806 /* APIConstants.swift in Sources */ = {isa = PBXBuildFile; fileRef = 89CFF4BE1CD3C14D00F0097E /* APIConstants.swift */; };
		AACB07021F39CB9300A56675 /* SpeechRecognizer.swift in Sources */ = {isa = PBXBuildFile; fileRef = AACB07011F39CB9300A56675 /* SpeechRecognizer.swift */; };
		AACEDEA31F49DCB5000E703F /* Gyroscopable.swift in Sources */ = {isa = PBXBuildFile; fileRef = AACEDEA21F49DCB5000E703F /* Gyroscopable.swift */; };
		AAE7EB9D1F4333EB00C9E566 /* SwitchTableViewCell.swift in Sources */ = {isa = PBXBuildFile; fileRef = AAE7EB9B1F4333EB00C9E566 /* SwitchTableViewCell.swift */; };
		AAE7EB9E1F4333EB00C9E566 /* SwitchTableViewCell.xib in Resources */ = {isa = PBXBuildFile; fileRef = AAE7EB9C1F4333EB00C9E566 /* SwitchTableViewCell.xib */; };
		AAF31FAA1F3DE2AA009433A4 /* TipsGenerator.swift in Sources */ = {isa = PBXBuildFile; fileRef = AAF31FA91F3DE2A9009433A4 /* TipsGenerator.swift */; };
		BD5866599EAD895CA65749E1 /* Pods_Door_Widget.framework in Frameworks */ = {isa = PBXBuildFile; fileRef = 7DADE0261B2507246A1A6842 /* Pods_Door_Widget.framework */; };
		EEA389ACEC10487532323D01 /* Pods_DoorSiri.framework in Frameworks */ = {isa = PBXBuildFile; fileRef = 7A603361C500A017BF49DD85 /* Pods_DoorSiri.framework */; };
/* End PBXBuildFile section */

/* Begin PBXContainerItemProxy section */
		8908B4781CD9F643005CC547 /* PBXContainerItemProxy */ = {
			isa = PBXContainerItemProxy;
			containerPortal = 74887AF71CC592D100EC677E /* Project object */;
			proxyType = 1;
			remoteGlobalIDString = 8908B46D1CD9F643005CC547;
			remoteInfo = "Door Widget";
		};
		AA36B9861F54747000869794 /* PBXContainerItemProxy */ = {
			isa = PBXContainerItemProxy;
			containerPortal = 74887AF71CC592D100EC677E /* Project object */;
			proxyType = 1;
			remoteGlobalIDString = AA36B9701F54747000869794;
			remoteInfo = DoorSiri;
		};
		AA7244A01F55814E00055684 /* PBXContainerItemProxy */ = {
			isa = PBXContainerItemProxy;
			containerPortal = 74887AF71CC592D100EC677E /* Project object */;
			proxyType = 1;
			remoteGlobalIDString = 74887AFE1CC592D100EC677E;
			remoteInfo = 111Secuirty;
		};
		AA7244AE1F55836F00055684 /* PBXContainerItemProxy */ = {
			isa = PBXContainerItemProxy;
			containerPortal = 74887AF71CC592D100EC677E /* Project object */;
			proxyType = 1;
			remoteGlobalIDString = 74887AFE1CC592D100EC677E;
			remoteInfo = 111Secuirty;
		};
/* End PBXContainerItemProxy section */

/* Begin PBXCopyFilesBuildPhase section */
		74E6A5A31CCFC0E0009C8811 /* Embed Frameworks */ = {
			isa = PBXCopyFilesBuildPhase;
			buildActionMask = 2147483647;
			dstPath = "";
			dstSubfolderSpec = 10;
			files = (
			);
			name = "Embed Frameworks";
			runOnlyForDeploymentPostprocessing = 0;
		};
		8908B47E1CD9F644005CC547 /* Embed App Extensions */ = {
			isa = PBXCopyFilesBuildPhase;
			buildActionMask = 2147483647;
			dstPath = "";
			dstSubfolderSpec = 13;
			files = (
				AA36B9881F54747000869794 /* DoorSiri.appex in Embed App Extensions */,
				8908B47A1CD9F643005CC547 /* 111 Key Widget.appex in Embed App Extensions */,
			);
			name = "Embed App Extensions";
			runOnlyForDeploymentPostprocessing = 0;
		};
/* End PBXCopyFilesBuildPhase section */

/* Begin PBXFileReference section */
		13A7D5F116B5C8A5852EB976 /* Pods-111Secuirty.debug.xcconfig */ = {isa = PBXFileReference; includeInIndex = 1; lastKnownFileType = text.xcconfig; name = "Pods-111Secuirty.debug.xcconfig"; path = "Pods/Target Support Files/Pods-111Secuirty/Pods-111Secuirty.debug.xcconfig"; sourceTree = "<group>"; };
		3200522FF322D9C508508180 /* Pods-DoorSiri.release.xcconfig */ = {isa = PBXFileReference; includeInIndex = 1; lastKnownFileType = text.xcconfig; name = "Pods-DoorSiri.release.xcconfig"; path = "Pods/Target Support Files/Pods-DoorSiri/Pods-DoorSiri.release.xcconfig"; sourceTree = "<group>"; };
		3CB95D01645E0FB6AF365BD3 /* Pods-Door Widget.release.xcconfig */ = {isa = PBXFileReference; includeInIndex = 1; lastKnownFileType = text.xcconfig; name = "Pods-Door Widget.release.xcconfig"; path = "Pods/Target Support Files/Pods-Door Widget/Pods-Door Widget.release.xcconfig"; sourceTree = "<group>"; };
		4A3D9954CCFE11BC99C71DEC /* Pods_111Secuirty.framework */ = {isa = PBXFileReference; explicitFileType = wrapper.framework; includeInIndex = 0; path = Pods_111Secuirty.framework; sourceTree = BUILT_PRODUCTS_DIR; };
		5D5739151EEFE4C900704E73 /* AppDelegate.swift */ = {isa = PBXFileReference; fileEncoding = 4; lastKnownFileType = sourcecode.swift; path = AppDelegate.swift; sourceTree = "<group>"; };
		74887AFF1CC592D100EC677E /* 111Key.app */ = {isa = PBXFileReference; explicitFileType = wrapper.application; includeInIndex = 0; path = 111Key.app; sourceTree = BUILT_PRODUCTS_DIR; };
		74887B071CC592D100EC677E /* Base */ = {isa = PBXFileReference; lastKnownFileType = file.storyboard; name = Base; path = Base.lproj/Main.storyboard; sourceTree = "<group>"; };
		74887B091CC592D100EC677E /* Assets.xcassets */ = {isa = PBXFileReference; lastKnownFileType = folder.assetcatalog; path = Assets.xcassets; sourceTree = "<group>"; };
		74887B0C1CC592D100EC677E /* Base */ = {isa = PBXFileReference; lastKnownFileType = file.storyboard; name = Base; path = Base.lproj/LaunchScreen.storyboard; sourceTree = "<group>"; };
		74887B0E1CC592D100EC677E /* Info.plist */ = {isa = PBXFileReference; lastKnownFileType = text.plist.xml; path = Info.plist; sourceTree = "<group>"; };
		74887B161CC5997400EC677E /* LoginViewController.swift */ = {isa = PBXFileReference; fileEncoding = 4; lastKnownFileType = sourcecode.swift; lineEnding = 0; path = LoginViewController.swift; sourceTree = "<group>"; xcLanguageSpecificationIdentifier = xcode.lang.swift; };
		74887B181CC599B100EC677E /* MainViewController.swift */ = {isa = PBXFileReference; fileEncoding = 4; lastKnownFileType = sourcecode.swift; lineEnding = 0; path = MainViewController.swift; sourceTree = "<group>"; xcLanguageSpecificationIdentifier = xcode.lang.swift; };
		74887B1A1CC59BD400EC677E /* SessionManager.swift */ = {isa = PBXFileReference; fileEncoding = 4; lastKnownFileType = sourcecode.swift; path = SessionManager.swift; sourceTree = "<group>"; };
		7A603361C500A017BF49DD85 /* Pods_DoorSiri.framework */ = {isa = PBXFileReference; explicitFileType = wrapper.framework; includeInIndex = 0; path = Pods_DoorSiri.framework; sourceTree = BUILT_PRODUCTS_DIR; };
		7DADE0261B2507246A1A6842 /* Pods_Door_Widget.framework */ = {isa = PBXFileReference; explicitFileType = wrapper.framework; includeInIndex = 0; path = Pods_Door_Widget.framework; sourceTree = BUILT_PRODUCTS_DIR; };
		7F4F90BC5CEBE0ECA1E9A6DE /* Pods-111Secuirty.release.xcconfig */ = {isa = PBXFileReference; includeInIndex = 1; lastKnownFileType = text.xcconfig; name = "Pods-111Secuirty.release.xcconfig"; path = "Pods/Target Support Files/Pods-111Secuirty/Pods-111Secuirty.release.xcconfig"; sourceTree = "<group>"; };
		8908B4681CD9E94D005CC547 /* String+Validation.swift */ = {isa = PBXFileReference; fileEncoding = 4; lastKnownFileType = sourcecode.swift; path = "String+Validation.swift"; sourceTree = "<group>"; };
		8908B46E1CD9F643005CC547 /* 111 Key Widget.appex */ = {isa = PBXFileReference; explicitFileType = "wrapper.app-extension"; includeInIndex = 0; path = "111 Key Widget.appex"; sourceTree = BUILT_PRODUCTS_DIR; };
		8908B46F1CD9F643005CC547 /* NotificationCenter.framework */ = {isa = PBXFileReference; lastKnownFileType = wrapper.framework; name = NotificationCenter.framework; path = System/Library/Frameworks/NotificationCenter.framework; sourceTree = SDKROOT; };
		8908B4721CD9F643005CC547 /* TodayViewController.swift */ = {isa = PBXFileReference; lastKnownFileType = sourcecode.swift; path = TodayViewController.swift; sourceTree = "<group>"; };
		8908B4751CD9F643005CC547 /* Base */ = {isa = PBXFileReference; lastKnownFileType = file.storyboard; name = Base; path = Base.lproj/MainInterface.storyboard; sourceTree = "<group>"; };
		8908B4771CD9F643005CC547 /* Info.plist */ = {isa = PBXFileReference; lastKnownFileType = text.plist.xml; path = Info.plist; sourceTree = "<group>"; };
		8908B4801CDA1193005CC547 /* 111 Door.entitlements */ = {isa = PBXFileReference; lastKnownFileType = text.xml; path = "111 Door.entitlements"; sourceTree = "<group>"; };
		8908B4811CDA139A005CC547 /* Door Widget.entitlements */ = {isa = PBXFileReference; lastKnownFileType = text.xml; path = "Door Widget.entitlements"; sourceTree = "<group>"; };
		89CFF4801CD395CF00F0097E /* KlartextMono-Bold.ttf */ = {isa = PBXFileReference; lastKnownFileType = file; path = "KlartextMono-Bold.ttf"; sourceTree = "<group>"; };
		89CFF4811CD395CF00F0097E /* KlartextMono-BoldItalic.ttf */ = {isa = PBXFileReference; lastKnownFileType = file; path = "KlartextMono-BoldItalic.ttf"; sourceTree = "<group>"; };
		89CFF4821CD395CF00F0097E /* KlartextMono-Italic.ttf */ = {isa = PBXFileReference; lastKnownFileType = file; path = "KlartextMono-Italic.ttf"; sourceTree = "<group>"; };
		89CFF4831CD395CF00F0097E /* KlartextMono-Light.ttf */ = {isa = PBXFileReference; lastKnownFileType = file; path = "KlartextMono-Light.ttf"; sourceTree = "<group>"; };
		89CFF4841CD395CF00F0097E /* KlartextMono-LightItalic.ttf */ = {isa = PBXFileReference; lastKnownFileType = file; path = "KlartextMono-LightItalic.ttf"; sourceTree = "<group>"; };
		89CFF4851CD395CF00F0097E /* KlartextMono-Medium.ttf */ = {isa = PBXFileReference; lastKnownFileType = file; path = "KlartextMono-Medium.ttf"; sourceTree = "<group>"; };
		89CFF4861CD395CF00F0097E /* KlartextMono-MediumItalic.ttf */ = {isa = PBXFileReference; lastKnownFileType = file; path = "KlartextMono-MediumItalic.ttf"; sourceTree = "<group>"; };
		89CFF4871CD395CF00F0097E /* KlartextMono-Regular.ttf */ = {isa = PBXFileReference; lastKnownFileType = file; path = "KlartextMono-Regular.ttf"; sourceTree = "<group>"; };
		89CFF4881CD395CF00F0097E /* KlartextMono-Thin.ttf */ = {isa = PBXFileReference; lastKnownFileType = file; path = "KlartextMono-Thin.ttf"; sourceTree = "<group>"; };
		89CFF4891CD395CF00F0097E /* KlartextMono-ThinItalic.ttf */ = {isa = PBXFileReference; lastKnownFileType = file; path = "KlartextMono-ThinItalic.ttf"; sourceTree = "<group>"; };
		89CFF4951CD395F700F0097E /* SourceSansPro-Black.ttf */ = {isa = PBXFileReference; lastKnownFileType = file; path = "SourceSansPro-Black.ttf"; sourceTree = "<group>"; };
		89CFF4961CD395F700F0097E /* SourceSansPro-BlackIt.ttf */ = {isa = PBXFileReference; lastKnownFileType = file; path = "SourceSansPro-BlackIt.ttf"; sourceTree = "<group>"; };
		89CFF4971CD395F700F0097E /* SourceSansPro-Bold.ttf */ = {isa = PBXFileReference; lastKnownFileType = file; path = "SourceSansPro-Bold.ttf"; sourceTree = "<group>"; };
		89CFF4981CD395F700F0097E /* SourceSansPro-BoldIt.ttf */ = {isa = PBXFileReference; lastKnownFileType = file; path = "SourceSansPro-BoldIt.ttf"; sourceTree = "<group>"; };
		89CFF4991CD395F700F0097E /* SourceSansPro-ExtraLight.ttf */ = {isa = PBXFileReference; lastKnownFileType = file; path = "SourceSansPro-ExtraLight.ttf"; sourceTree = "<group>"; };
		89CFF49A1CD395F700F0097E /* SourceSansPro-ExtraLightIt.ttf */ = {isa = PBXFileReference; lastKnownFileType = file; path = "SourceSansPro-ExtraLightIt.ttf"; sourceTree = "<group>"; };
		89CFF49B1CD395F700F0097E /* SourceSansPro-It.ttf */ = {isa = PBXFileReference; lastKnownFileType = file; path = "SourceSansPro-It.ttf"; sourceTree = "<group>"; };
		89CFF49C1CD395F700F0097E /* SourceSansPro-Light.ttf */ = {isa = PBXFileReference; lastKnownFileType = file; path = "SourceSansPro-Light.ttf"; sourceTree = "<group>"; };
		89CFF49D1CD395F700F0097E /* SourceSansPro-LightIt.ttf */ = {isa = PBXFileReference; lastKnownFileType = file; path = "SourceSansPro-LightIt.ttf"; sourceTree = "<group>"; };
		89CFF49E1CD395F700F0097E /* SourceSansPro-Regular.ttf */ = {isa = PBXFileReference; lastKnownFileType = file; path = "SourceSansPro-Regular.ttf"; sourceTree = "<group>"; };
		89CFF49F1CD395F700F0097E /* SourceSansPro-Semibold.ttf */ = {isa = PBXFileReference; lastKnownFileType = file; path = "SourceSansPro-Semibold.ttf"; sourceTree = "<group>"; };
		89CFF4A01CD395F700F0097E /* SourceSansPro-SemiboldIt.ttf */ = {isa = PBXFileReference; lastKnownFileType = file; path = "SourceSansPro-SemiboldIt.ttf"; sourceTree = "<group>"; };
		89CFF4B71CD3ACCD00F0097E /* ResetPasswordViewController.swift */ = {isa = PBXFileReference; fileEncoding = 4; lastKnownFileType = sourcecode.swift; lineEnding = 0; path = ResetPasswordViewController.swift; sourceTree = "<group>"; xcLanguageSpecificationIdentifier = xcode.lang.swift; };
		89CFF4BE1CD3C14D00F0097E /* APIConstants.swift */ = {isa = PBXFileReference; fileEncoding = 4; lastKnownFileType = sourcecode.swift; path = APIConstants.swift; sourceTree = "<group>"; };
		AA1780D01F444933009C0D27 /* SettingCellsSet.swift */ = {isa = PBXFileReference; lastKnownFileType = sourcecode.swift; path = SettingCellsSet.swift; sourceTree = "<group>"; };
		AA36B9711F54747000869794 /* DoorSiri.appex */ = {isa = PBXFileReference; explicitFileType = "wrapper.app-extension"; includeInIndex = 0; path = DoorSiri.appex; sourceTree = BUILT_PRODUCTS_DIR; };
		AA36B9731F54747000869794 /* IntentHandler.swift */ = {isa = PBXFileReference; lastKnownFileType = sourcecode.swift; path = IntentHandler.swift; sourceTree = "<group>"; };
		AA36B9751F54747000869794 /* Info.plist */ = {isa = PBXFileReference; lastKnownFileType = text.plist.xml; path = Info.plist; sourceTree = "<group>"; };
		AA3DB8781F39F51000040966 /* PhraseAnalyzer.swift */ = {isa = PBXFileReference; lastKnownFileType = sourcecode.swift; path = PhraseAnalyzer.swift; sourceTree = "<group>"; };
		AA72449B1F55814E00055684 /* 111KeyTests.xctest */ = {isa = PBXFileReference; explicitFileType = wrapper.cfbundle; includeInIndex = 0; path = 111KeyTests.xctest; sourceTree = BUILT_PRODUCTS_DIR; };
		AA72449D1F55814E00055684 /* _11KeyTests.swift */ = {isa = PBXFileReference; lastKnownFileType = sourcecode.swift; path = _11KeyTests.swift; sourceTree = "<group>"; };
		AA72449F1F55814E00055684 /* Info.plist */ = {isa = PBXFileReference; lastKnownFileType = text.plist.xml; path = Info.plist; sourceTree = "<group>"; };
		AA7244A91F55836F00055684 /* 111KeyUITests.xctest */ = {isa = PBXFileReference; explicitFileType = wrapper.cfbundle; includeInIndex = 0; path = 111KeyUITests.xctest; sourceTree = BUILT_PRODUCTS_DIR; };
		AA7244AB1F55836F00055684 /* _11KeyUITests.swift */ = {isa = PBXFileReference; lastKnownFileType = sourcecode.swift; path = _11KeyUITests.swift; sourceTree = "<group>"; };
		AA7244AD1F55836F00055684 /* Info.plist */ = {isa = PBXFileReference; lastKnownFileType = text.plist.xml; path = Info.plist; sourceTree = "<group>"; };
		AA7244B41F55A68000055684 /* SiriVocabulary.swift */ = {isa = PBXFileReference; lastKnownFileType = sourcecode.swift; path = SiriVocabulary.swift; sourceTree = "<group>"; };
		AA8DD3631F4C3F9C00143B07 /* RuntimeAssociatedKeys.swift */ = {isa = PBXFileReference; lastKnownFileType = sourcecode.swift; path = RuntimeAssociatedKeys.swift; sourceTree = "<group>"; };
		AA8DD3651F4C403000143B07 /* SpeechRecognizable.swift */ = {isa = PBXFileReference; lastKnownFileType = sourcecode.swift; path = SpeechRecognizable.swift; sourceTree = "<group>"; };
		AA8DD3941F4C5E0700143B07 /* IntentsUI.framework */ = {isa = PBXFileReference; lastKnownFileType = wrapper.framework; name = IntentsUI.framework; path = System/Library/Frameworks/IntentsUI.framework; sourceTree = SDKROOT; };
		AA9501C31F4B1138006B206E /* GyroscopeManager.swift */ = {isa = PBXFileReference; lastKnownFileType = sourcecode.swift; path = GyroscopeManager.swift; sourceTree = "<group>"; };
		AA9EB9811F41D5DF00E77DE7 /* Animator.swift */ = {isa = PBXFileReference; lastKnownFileType = sourcecode.swift; path = Animator.swift; sourceTree = "<group>"; };
		AA9EB9841F431D1A00E77DE7 /* SettingsViewController.swift */ = {isa = PBXFileReference; lastKnownFileType = sourcecode.swift; path = SettingsViewController.swift; sourceTree = "<group>"; };
		AAB02BDA1F570CBC008D6259 /* UserDefaultsKeys.swift */ = {isa = PBXFileReference; lastKnownFileType = sourcecode.swift; path = UserDefaultsKeys.swift; sourceTree = "<group>"; };
		AACACB231F547DC100AA0806 /* DoorSiri.entitlements */ = {isa = PBXFileReference; lastKnownFileType = text.plist.entitlements; path = DoorSiri.entitlements; sourceTree = "<group>"; };
		AACB07011F39CB9300A56675 /* SpeechRecognizer.swift */ = {isa = PBXFileReference; lastKnownFileType = sourcecode.swift; path = SpeechRecognizer.swift; sourceTree = "<group>"; };
		AACEDEA21F49DCB5000E703F /* Gyroscopable.swift */ = {isa = PBXFileReference; lastKnownFileType = sourcecode.swift; path = Gyroscopable.swift; sourceTree = "<group>"; };
		AAD407201F56CF08005ADC3A /* 111 Key Widget.entitlements */ = {isa = PBXFileReference; lastKnownFileType = text.plist.entitlements; path = "111 Key Widget.entitlements"; sourceTree = "<group>"; };
		AAE7EB9B1F4333EB00C9E566 /* SwitchTableViewCell.swift */ = {isa = PBXFileReference; lastKnownFileType = sourcecode.swift; path = SwitchTableViewCell.swift; sourceTree = "<group>"; };
		AAE7EB9C1F4333EB00C9E566 /* SwitchTableViewCell.xib */ = {isa = PBXFileReference; lastKnownFileType = file.xib; path = SwitchTableViewCell.xib; sourceTree = "<group>"; };
		AAF31FA91F3DE2A9009433A4 /* TipsGenerator.swift */ = {isa = PBXFileReference; lastKnownFileType = sourcecode.swift; path = TipsGenerator.swift; sourceTree = "<group>"; };
		D9BB408B3E06DCF5C034F9F4 /* Pods-Door Widget.debug.xcconfig */ = {isa = PBXFileReference; includeInIndex = 1; lastKnownFileType = text.xcconfig; name = "Pods-Door Widget.debug.xcconfig"; path = "Pods/Target Support Files/Pods-Door Widget/Pods-Door Widget.debug.xcconfig"; sourceTree = "<group>"; };
		EBA873F6CEE77ABCD35C0564 /* Pods-DoorSiri.debug.xcconfig */ = {isa = PBXFileReference; includeInIndex = 1; lastKnownFileType = text.xcconfig; name = "Pods-DoorSiri.debug.xcconfig"; path = "Pods/Target Support Files/Pods-DoorSiri/Pods-DoorSiri.debug.xcconfig"; sourceTree = "<group>"; };
/* End PBXFileReference section */

/* Begin PBXFrameworksBuildPhase section */
		74887AFC1CC592D100EC677E /* Frameworks */ = {
			isa = PBXFrameworksBuildPhase;
			buildActionMask = 2147483647;
			files = (
				A5A8ED0BE510AD1A7FC28A74 /* Pods_111Secuirty.framework in Frameworks */,
			);
			runOnlyForDeploymentPostprocessing = 0;
		};
		8908B46B1CD9F643005CC547 /* Frameworks */ = {
			isa = PBXFrameworksBuildPhase;
			buildActionMask = 2147483647;
			files = (
				8908B4701CD9F643005CC547 /* NotificationCenter.framework in Frameworks */,
				BD5866599EAD895CA65749E1 /* Pods_Door_Widget.framework in Frameworks */,
			);
			runOnlyForDeploymentPostprocessing = 0;
		};
		AA36B96E1F54747000869794 /* Frameworks */ = {
			isa = PBXFrameworksBuildPhase;
			buildActionMask = 2147483647;
			files = (
				EEA389ACEC10487532323D01 /* Pods_DoorSiri.framework in Frameworks */,
			);
			runOnlyForDeploymentPostprocessing = 0;
		};
		AA7244981F55814E00055684 /* Frameworks */ = {
			isa = PBXFrameworksBuildPhase;
			buildActionMask = 2147483647;
			files = (
			);
			runOnlyForDeploymentPostprocessing = 0;
		};
		AA7244A61F55836F00055684 /* Frameworks */ = {
			isa = PBXFrameworksBuildPhase;
			buildActionMask = 2147483647;
			files = (
			);
			runOnlyForDeploymentPostprocessing = 0;
		};
/* End PBXFrameworksBuildPhase section */

/* Begin PBXGroup section */
		12FDC339921C0EE3975054CC /* Frameworks */ = {
			isa = PBXGroup;
			children = (
				8908B46F1CD9F643005CC547 /* NotificationCenter.framework */,
				4A3D9954CCFE11BC99C71DEC /* Pods_111Secuirty.framework */,
				7DADE0261B2507246A1A6842 /* Pods_Door_Widget.framework */,
				AA8DD3941F4C5E0700143B07 /* IntentsUI.framework */,
				7A603361C500A017BF49DD85 /* Pods_DoorSiri.framework */,
			);
			name = Frameworks;
			sourceTree = "<group>";
		};
		2EFC8E1ABD75A165E1746538 /* Pods */ = {
			isa = PBXGroup;
			children = (
				13A7D5F116B5C8A5852EB976 /* Pods-111Secuirty.debug.xcconfig */,
				7F4F90BC5CEBE0ECA1E9A6DE /* Pods-111Secuirty.release.xcconfig */,
				D9BB408B3E06DCF5C034F9F4 /* Pods-Door Widget.debug.xcconfig */,
				3CB95D01645E0FB6AF365BD3 /* Pods-Door Widget.release.xcconfig */,
				EBA873F6CEE77ABCD35C0564 /* Pods-DoorSiri.debug.xcconfig */,
				3200522FF322D9C508508180 /* Pods-DoorSiri.release.xcconfig */,
			);
			name = Pods;
			sourceTree = "<group>";
		};
		74887AF61CC592D100EC677E = {
			isa = PBXGroup;
			children = (
				74887B011CC592D100EC677E /* 111Secuirty */,
				8908B4711CD9F643005CC547 /* Door Widget */,
				AA36B9721F54747000869794 /* DoorSiri */,
				AA72449C1F55814E00055684 /* 111KeyTests */,
				AA7244AA1F55836F00055684 /* 111KeyUITests */,
				74887B001CC592D100EC677E /* Products */,
				12FDC339921C0EE3975054CC /* Frameworks */,
				2EFC8E1ABD75A165E1746538 /* Pods */,
			);
			sourceTree = "<group>";
		};
		74887B001CC592D100EC677E /* Products */ = {
			isa = PBXGroup;
			children = (
				74887AFF1CC592D100EC677E /* 111Key.app */,
				8908B46E1CD9F643005CC547 /* 111 Key Widget.appex */,
				AA36B9711F54747000869794 /* DoorSiri.appex */,
				AA72449B1F55814E00055684 /* 111KeyTests.xctest */,
				AA7244A91F55836F00055684 /* 111KeyUITests.xctest */,
			);
			name = Products;
			sourceTree = "<group>";
		};
		74887B011CC592D100EC677E /* 111Secuirty */ = {
			isa = PBXGroup;
			children = (
				8908B4801CDA1193005CC547 /* 111 Door.entitlements */,
				74887B061CC592D100EC677E /* Main.storyboard */,
				74887B0B1CC592D100EC677E /* LaunchScreen.storyboard */,
				89CFF4AF1CD3A6AA00F0097E /* Code */,
				89CFF47D1CD394F800F0097E /* Resources */,
				74887B091CC592D100EC677E /* Assets.xcassets */,
				74887B0E1CC592D100EC677E /* Info.plist */,
			);
			path = 111Secuirty;
			sourceTree = "<group>";
		};
		8908B4661CD9E90D005CC547 /* Extensions */ = {
			isa = PBXGroup;
			children = (
				AA8DD3621F4C3F6F00143B07 /* Runtime+AssociatedKeys */,
				AA8DD3611F4C3F4C00143B07 /* SpeechRecognizer+Runtime */,
				AACEDEA11F49DC90000E703F /* GyroscopeManager+Runtime */,
				8908B4671CD9E921005CC547 /* String+Validation */,
			);
			path = Extensions;
			sourceTree = "<group>";
		};
		8908B4671CD9E921005CC547 /* String+Validation */ = {
			isa = PBXGroup;
			children = (
				8908B4681CD9E94D005CC547 /* String+Validation.swift */,
			);
			path = "String+Validation";
			sourceTree = "<group>";
		};
		8908B4711CD9F643005CC547 /* Door Widget */ = {
			isa = PBXGroup;
			children = (
				AAD407201F56CF08005ADC3A /* 111 Key Widget.entitlements */,
				8908B4811CDA139A005CC547 /* Door Widget.entitlements */,
				8908B4721CD9F643005CC547 /* TodayViewController.swift */,
				8908B4741CD9F643005CC547 /* MainInterface.storyboard */,
				8908B4771CD9F643005CC547 /* Info.plist */,
			);
			path = "Door Widget";
			sourceTree = "<group>";
		};
		89CFF47D1CD394F800F0097E /* Resources */ = {
			isa = PBXGroup;
			children = (
				89CFF47E1CD3955900F0097E /* Fonts */,
			);
			path = Resources;
			sourceTree = "<group>";
		};
		89CFF47E1CD3955900F0097E /* Fonts */ = {
			isa = PBXGroup;
			children = (
				89CFF4941CD395E200F0097E /* SourceSansPro */,
				89CFF47F1CD395B700F0097E /* KlartextMono */,
			);
			path = Fonts;
			sourceTree = "<group>";
		};
		89CFF47F1CD395B700F0097E /* KlartextMono */ = {
			isa = PBXGroup;
			children = (
				89CFF4801CD395CF00F0097E /* KlartextMono-Bold.ttf */,
				89CFF4811CD395CF00F0097E /* KlartextMono-BoldItalic.ttf */,
				89CFF4821CD395CF00F0097E /* KlartextMono-Italic.ttf */,
				89CFF4831CD395CF00F0097E /* KlartextMono-Light.ttf */,
				89CFF4841CD395CF00F0097E /* KlartextMono-LightItalic.ttf */,
				89CFF4851CD395CF00F0097E /* KlartextMono-Medium.ttf */,
				89CFF4861CD395CF00F0097E /* KlartextMono-MediumItalic.ttf */,
				89CFF4871CD395CF00F0097E /* KlartextMono-Regular.ttf */,
				89CFF4881CD395CF00F0097E /* KlartextMono-Thin.ttf */,
				89CFF4891CD395CF00F0097E /* KlartextMono-ThinItalic.ttf */,
			);
			path = KlartextMono;
			sourceTree = "<group>";
		};
		89CFF4941CD395E200F0097E /* SourceSansPro */ = {
			isa = PBXGroup;
			children = (
				89CFF4951CD395F700F0097E /* SourceSansPro-Black.ttf */,
				89CFF4961CD395F700F0097E /* SourceSansPro-BlackIt.ttf */,
				89CFF4971CD395F700F0097E /* SourceSansPro-Bold.ttf */,
				89CFF4981CD395F700F0097E /* SourceSansPro-BoldIt.ttf */,
				89CFF4991CD395F700F0097E /* SourceSansPro-ExtraLight.ttf */,
				89CFF49A1CD395F700F0097E /* SourceSansPro-ExtraLightIt.ttf */,
				89CFF49B1CD395F700F0097E /* SourceSansPro-It.ttf */,
				89CFF49C1CD395F700F0097E /* SourceSansPro-Light.ttf */,
				89CFF49D1CD395F700F0097E /* SourceSansPro-LightIt.ttf */,
				89CFF49E1CD395F700F0097E /* SourceSansPro-Regular.ttf */,
				89CFF49F1CD395F700F0097E /* SourceSansPro-Semibold.ttf */,
				89CFF4A01CD395F700F0097E /* SourceSansPro-SemiboldIt.ttf */,
			);
			path = SourceSansPro;
			sourceTree = "<group>";
		};
		89CFF4AF1CD3A6AA00F0097E /* Code */ = {
			isa = PBXGroup;
			children = (
				AAE7EB9A1F4333B700C9E566 /* Cells */,
				89CFF4BB1CD3C0FE00F0097E /* Common */,
				89CFF4B51CD3A85000F0097E /* AppDelegate */,
				89CFF4B11CD3A72A00F0097E /* Services */,
				89CFF4B01CD3A6F600F0097E /* ViewControllers */,
			);
			path = Code;
			sourceTree = "<group>";
		};
		89CFF4B01CD3A6F600F0097E /* ViewControllers */ = {
			isa = PBXGroup;
			children = (
				AA9EB9831F431D0200E77DE7 /* SettingsViewController */,
				89CFF4B61CD3ACA900F0097E /* ResetPasswordViewController */,
				89CFF4B41CD3A7EE00F0097E /* HomeViewController */,
				89CFF4B31CD3A7DD00F0097E /* LoginViewController */,
			);
			path = ViewControllers;
			sourceTree = "<group>";
		};
		89CFF4B11CD3A72A00F0097E /* Services */ = {
			isa = PBXGroup;
			children = (
				AA9501C21F4B1113006B206E /* GyroscopeManager */,
				AA1780D21F44494C009C0D27 /* SettingsAdapter */,
				AA9EB9801F41D5A700E77DE7 /* Animator+Behaviors */,
				AAF31FA81F3DE28B009433A4 /* TipsGenerator */,
				AA3DB8771F39F4F700040966 /* PhraseAnalyzer */,
				AA48F5D21F39C98B008F5545 /* SpeechRecognizer */,
				89CFF4B21CD3A73700F0097E /* APIManager */,
			);
			path = Services;
			sourceTree = "<group>";
		};
		89CFF4B21CD3A73700F0097E /* APIManager */ = {
			isa = PBXGroup;
			children = (
				74887B1A1CC59BD400EC677E /* SessionManager.swift */,
			);
			path = APIManager;
			sourceTree = "<group>";
		};
		89CFF4B31CD3A7DD00F0097E /* LoginViewController */ = {
			isa = PBXGroup;
			children = (
				74887B161CC5997400EC677E /* LoginViewController.swift */,
			);
			path = LoginViewController;
			sourceTree = "<group>";
		};
		89CFF4B41CD3A7EE00F0097E /* HomeViewController */ = {
			isa = PBXGroup;
			children = (
				74887B181CC599B100EC677E /* MainViewController.swift */,
			);
			path = HomeViewController;
			sourceTree = "<group>";
		};
		89CFF4B51CD3A85000F0097E /* AppDelegate */ = {
			isa = PBXGroup;
			children = (
				5D5739151EEFE4C900704E73 /* AppDelegate.swift */,
			);
			path = AppDelegate;
			sourceTree = "<group>";
		};
		89CFF4B61CD3ACA900F0097E /* ResetPasswordViewController */ = {
			isa = PBXGroup;
			children = (
				89CFF4B71CD3ACCD00F0097E /* ResetPasswordViewController.swift */,
			);
			path = ResetPasswordViewController;
			sourceTree = "<group>";
		};
		89CFF4BB1CD3C0FE00F0097E /* Common */ = {
			isa = PBXGroup;
			children = (
				8908B4661CD9E90D005CC547 /* Extensions */,
				89CFF4BC1CD3C10D00F0097E /* Constants */,
			);
			path = Common;
			sourceTree = "<group>";
		};
		89CFF4BC1CD3C10D00F0097E /* Constants */ = {
			isa = PBXGroup;
			children = (
				AAB02BD91F570CAB008D6259 /* UserDefaultsKeys */,
				AA7244B31F55A65E00055684 /* SiriVocabulary */,
				89CFF4BD1CD3C12000F0097E /* APIConstants */,
			);
			path = Constants;
			sourceTree = "<group>";
		};
		89CFF4BD1CD3C12000F0097E /* APIConstants */ = {
			isa = PBXGroup;
			children = (
				89CFF4BE1CD3C14D00F0097E /* APIConstants.swift */,
			);
			path = APIConstants;
			sourceTree = "<group>";
		};
		AA1780D21F44494C009C0D27 /* SettingsAdapter */ = {
			isa = PBXGroup;
			children = (
				AA1780D01F444933009C0D27 /* SettingCellsSet.swift */,
			);
			path = SettingsAdapter;
			sourceTree = "<group>";
		};
		AA36B9721F54747000869794 /* DoorSiri */ = {
			isa = PBXGroup;
			children = (
				AACACB231F547DC100AA0806 /* DoorSiri.entitlements */,
				AA36B9731F54747000869794 /* IntentHandler.swift */,
				AA36B9751F54747000869794 /* Info.plist */,
			);
			path = DoorSiri;
			sourceTree = "<group>";
		};
		AA3DB8771F39F4F700040966 /* PhraseAnalyzer */ = {
			isa = PBXGroup;
			children = (
				AA3DB8781F39F51000040966 /* PhraseAnalyzer.swift */,
			);
			path = PhraseAnalyzer;
			sourceTree = "<group>";
		};
		AA48F5D21F39C98B008F5545 /* SpeechRecognizer */ = {
			isa = PBXGroup;
			children = (
				AACB07011F39CB9300A56675 /* SpeechRecognizer.swift */,
			);
			path = SpeechRecognizer;
			sourceTree = "<group>";
		};
		AA72449C1F55814E00055684 /* 111KeyTests */ = {
			isa = PBXGroup;
			children = (
				AA72449D1F55814E00055684 /* _11KeyTests.swift */,
				AA72449F1F55814E00055684 /* Info.plist */,
			);
			path = 111KeyTests;
			sourceTree = "<group>";
		};
		AA7244AA1F55836F00055684 /* 111KeyUITests */ = {
			isa = PBXGroup;
			children = (
				AA7244AB1F55836F00055684 /* _11KeyUITests.swift */,
				AA7244AD1F55836F00055684 /* Info.plist */,
			);
			path = 111KeyUITests;
			sourceTree = "<group>";
		};
		AA7244B31F55A65E00055684 /* SiriVocabulary */ = {
			isa = PBXGroup;
			children = (
				AA7244B41F55A68000055684 /* SiriVocabulary.swift */,
			);
			path = SiriVocabulary;
			sourceTree = "<group>";
		};
		AA8DD3611F4C3F4C00143B07 /* SpeechRecognizer+Runtime */ = {
			isa = PBXGroup;
			children = (
				AA8DD3651F4C403000143B07 /* SpeechRecognizable.swift */,
			);
			path = "SpeechRecognizer+Runtime";
			sourceTree = "<group>";
		};
		AA8DD3621F4C3F6F00143B07 /* Runtime+AssociatedKeys */ = {
			isa = PBXGroup;
			children = (
				AA8DD3631F4C3F9C00143B07 /* RuntimeAssociatedKeys.swift */,
			);
			path = "Runtime+AssociatedKeys";
			sourceTree = "<group>";
		};
		AA9501C21F4B1113006B206E /* GyroscopeManager */ = {
			isa = PBXGroup;
			children = (
				AA9501C31F4B1138006B206E /* GyroscopeManager.swift */,
			);
			path = GyroscopeManager;
			sourceTree = "<group>";
		};
		AA9EB9801F41D5A700E77DE7 /* Animator+Behaviors */ = {
			isa = PBXGroup;
			children = (
				AA9EB9811F41D5DF00E77DE7 /* Animator.swift */,
			);
			path = "Animator+Behaviors";
			sourceTree = "<group>";
		};
		AA9EB9831F431D0200E77DE7 /* SettingsViewController */ = {
			isa = PBXGroup;
			children = (
				AA9EB9841F431D1A00E77DE7 /* SettingsViewController.swift */,
			);
			path = SettingsViewController;
			sourceTree = "<group>";
		};
		AAB02BD91F570CAB008D6259 /* UserDefaultsKeys */ = {
			isa = PBXGroup;
			children = (
				AAB02BDA1F570CBC008D6259 /* UserDefaultsKeys.swift */,
			);
			path = UserDefaultsKeys;
			sourceTree = "<group>";
		};
		AACEDEA11F49DC90000E703F /* GyroscopeManager+Runtime */ = {
			isa = PBXGroup;
			children = (
				AACEDEA21F49DCB5000E703F /* Gyroscopable.swift */,
			);
			path = "GyroscopeManager+Runtime";
			sourceTree = "<group>";
		};
		AAE7EB9A1F4333B700C9E566 /* Cells */ = {
			isa = PBXGroup;
			children = (
				AAE7EB9B1F4333EB00C9E566 /* SwitchTableViewCell.swift */,
				AAE7EB9C1F4333EB00C9E566 /* SwitchTableViewCell.xib */,
			);
			path = Cells;
			sourceTree = "<group>";
		};
		AAF31FA81F3DE28B009433A4 /* TipsGenerator */ = {
			isa = PBXGroup;
			children = (
				AAF31FA91F3DE2A9009433A4 /* TipsGenerator.swift */,
			);
			path = TipsGenerator;
			sourceTree = "<group>";
		};
/* End PBXGroup section */

/* Begin PBXNativeTarget section */
		74887AFE1CC592D100EC677E /* 111Secuirty */ = {
			isa = PBXNativeTarget;
			buildConfigurationList = 74887B111CC592D100EC677E /* Build configuration list for PBXNativeTarget "111Secuirty" */;
			buildPhases = (
				027DA43EDB52BB772C3F6D02 /* [CP] Check Pods Manifest.lock */,
				74887AFB1CC592D100EC677E /* Sources */,
				74887AFC1CC592D100EC677E /* Frameworks */,
				74887AFD1CC592D100EC677E /* Resources */,
				74E6A5A31CCFC0E0009C8811 /* Embed Frameworks */,
				8908B47E1CD9F644005CC547 /* Embed App Extensions */,
				A54CA618E304AEA2FE382DD9 /* [CP] Embed Pods Frameworks */,
				2EFCFBFC6A534AF020DCC939 /* [CP] Copy Pods Resources */,
			);
			buildRules = (
			);
			dependencies = (
				8908B4791CD9F643005CC547 /* PBXTargetDependency */,
				AA36B9871F54747000869794 /* PBXTargetDependency */,
			);
			name = 111Secuirty;
			productName = 111Secuirty;
			productReference = 74887AFF1CC592D100EC677E /* 111Key.app */;
			productType = "com.apple.product-type.application";
		};
		8908B46D1CD9F643005CC547 /* Door Widget */ = {
			isa = PBXNativeTarget;
			buildConfigurationList = 8908B47B1CD9F644005CC547 /* Build configuration list for PBXNativeTarget "Door Widget" */;
			buildPhases = (
				8D437042894D0331458F7C38 /* [CP] Check Pods Manifest.lock */,
				8908B46A1CD9F643005CC547 /* Sources */,
				8908B46B1CD9F643005CC547 /* Frameworks */,
				8908B46C1CD9F643005CC547 /* Resources */,
				9FCD7E6D2C38250854EAA639 /* [CP] Copy Pods Resources */,
			);
			buildRules = (
			);
			dependencies = (
			);
			name = "Door Widget";
			productName = "Door Widget";
			productReference = 8908B46E1CD9F643005CC547 /* 111 Key Widget.appex */;
			productType = "com.apple.product-type.app-extension";
		};
		AA36B9701F54747000869794 /* DoorSiri */ = {
			isa = PBXNativeTarget;
			buildConfigurationList = AA36B98C1F54747000869794 /* Build configuration list for PBXNativeTarget "DoorSiri" */;
			buildPhases = (
				00580E4B89D126CD24528B2E /* [CP] Check Pods Manifest.lock */,
				AA36B96D1F54747000869794 /* Sources */,
				AA36B96E1F54747000869794 /* Frameworks */,
				AA36B96F1F54747000869794 /* Resources */,
				B148A8BC59C3F9859C7F9E60 /* [CP] Copy Pods Resources */,
			);
			buildRules = (
			);
			dependencies = (
			);
			name = DoorSiri;
			productName = DoorSiri;
			productReference = AA36B9711F54747000869794 /* DoorSiri.appex */;
			productType = "com.apple.product-type.app-extension";
		};
		AA72449A1F55814E00055684 /* 111KeyTests */ = {
			isa = PBXNativeTarget;
			buildConfigurationList = AA7244A21F55814E00055684 /* Build configuration list for PBXNativeTarget "111KeyTests" */;
			buildPhases = (
				AA7244971F55814E00055684 /* Sources */,
				AA7244981F55814E00055684 /* Frameworks */,
				AA7244991F55814E00055684 /* Resources */,
			);
			buildRules = (
			);
			dependencies = (
				AA7244A11F55814E00055684 /* PBXTargetDependency */,
			);
			name = 111KeyTests;
			productName = 111KeyTests;
			productReference = AA72449B1F55814E00055684 /* 111KeyTests.xctest */;
			productType = "com.apple.product-type.bundle.unit-test";
		};
		AA7244A81F55836F00055684 /* 111KeyUITests */ = {
			isa = PBXNativeTarget;
			buildConfigurationList = AA7244B01F55836F00055684 /* Build configuration list for PBXNativeTarget "111KeyUITests" */;
			buildPhases = (
				AA7244A51F55836F00055684 /* Sources */,
				AA7244A61F55836F00055684 /* Frameworks */,
				AA7244A71F55836F00055684 /* Resources */,
			);
			buildRules = (
			);
			dependencies = (
				AA7244AF1F55836F00055684 /* PBXTargetDependency */,
			);
			name = 111KeyUITests;
			productName = 111KeyUITests;
			productReference = AA7244A91F55836F00055684 /* 111KeyUITests.xctest */;
			productType = "com.apple.product-type.bundle.ui-testing";
		};
/* End PBXNativeTarget section */

/* Begin PBXProject section */
		74887AF71CC592D100EC677E /* Project object */ = {
			isa = PBXProject;
			attributes = {
				LastSwiftUpdateCheck = 0900;
				LastUpgradeCheck = 0900;
				ORGANIZATIONNAME = "Egor Bozko";
				TargetAttributes = {
					74887AFE1CC592D100EC677E = {
						CreatedOnToolsVersion = 7.3;
						DevelopmentTeam = Y6ZXAWRWJ9;
						LastSwiftMigration = 0900;
						ProvisioningStyle = Automatic;
						SystemCapabilities = {
							com.apple.ApplicationGroups.iOS = {
								enabled = 1;
							};
							com.apple.Siri = {
								enabled = 1;
							};
						};
					};
					8908B46D1CD9F643005CC547 = {
						CreatedOnToolsVersion = 7.3;
						DevelopmentTeam = Y6ZXAWRWJ9;
						LastSwiftMigration = 0900;
						ProvisioningStyle = Automatic;
						SystemCapabilities = {
							com.apple.ApplicationGroups.iOS = {
								enabled = 1;
							};
							com.apple.SafariKeychain = {
								enabled = 0;
							};
						};
					};
					AA36B9701F54747000869794 = {
						CreatedOnToolsVersion = 9.0;
						DevelopmentTeam = Y6ZXAWRWJ9;
						SystemCapabilities = {
							com.apple.ApplicationGroups.iOS = {
								enabled = 1;
							};
						};
					};
					AA72449A1F55814E00055684 = {
						CreatedOnToolsVersion = 9.0;
						TestTargetID = 74887AFE1CC592D100EC677E;
					};
					AA7244A81F55836F00055684 = {
						CreatedOnToolsVersion = 9.0;
						TestTargetID = 74887AFE1CC592D100EC677E;
					};
				};
			};
			buildConfigurationList = 74887AFA1CC592D100EC677E /* Build configuration list for PBXProject "111Secuirty" */;
			compatibilityVersion = "Xcode 3.2";
			developmentRegion = English;
			hasScannedForEncodings = 0;
			knownRegions = (
				en,
				Base,
			);
			mainGroup = 74887AF61CC592D100EC677E;
			productRefGroup = 74887B001CC592D100EC677E /* Products */;
			projectDirPath = "";
			projectRoot = "";
			targets = (
				74887AFE1CC592D100EC677E /* 111Secuirty */,
				8908B46D1CD9F643005CC547 /* Door Widget */,
				AA36B9701F54747000869794 /* DoorSiri */,
				AA72449A1F55814E00055684 /* 111KeyTests */,
				AA7244A81F55836F00055684 /* 111KeyUITests */,
			);
		};
/* End PBXProject section */

/* Begin PBXResourcesBuildPhase section */
		74887AFD1CC592D100EC677E /* Resources */ = {
			isa = PBXResourcesBuildPhase;
			buildActionMask = 2147483647;
			files = (
				89CFF48F1CD395CF00F0097E /* KlartextMono-Medium.ttf in Resources */,
				89CFF4A31CD395F700F0097E /* SourceSansPro-Bold.ttf in Resources */,
				89CFF4A61CD395F700F0097E /* SourceSansPro-ExtraLightIt.ttf in Resources */,
				89CFF4AB1CD395F700F0097E /* SourceSansPro-Semibold.ttf in Resources */,
				89CFF48C1CD395CF00F0097E /* KlartextMono-Italic.ttf in Resources */,
				89CFF4A21CD395F700F0097E /* SourceSansPro-BlackIt.ttf in Resources */,
				74887B0D1CC592D100EC677E /* LaunchScreen.storyboard in Resources */,
				89CFF4A41CD395F700F0097E /* SourceSansPro-BoldIt.ttf in Resources */,
				89CFF4901CD395CF00F0097E /* KlartextMono-MediumItalic.ttf in Resources */,
				89CFF4A51CD395F700F0097E /* SourceSansPro-ExtraLight.ttf in Resources */,
				89CFF48A1CD395CF00F0097E /* KlartextMono-Bold.ttf in Resources */,
				89CFF4AA1CD395F700F0097E /* SourceSansPro-Regular.ttf in Resources */,
				89CFF4A71CD395F700F0097E /* SourceSansPro-It.ttf in Resources */,
				89CFF4AC1CD395F700F0097E /* SourceSansPro-SemiboldIt.ttf in Resources */,
				74887B0A1CC592D100EC677E /* Assets.xcassets in Resources */,
				89CFF4A81CD395F700F0097E /* SourceSansPro-Light.ttf in Resources */,
				89CFF4911CD395CF00F0097E /* KlartextMono-Regular.ttf in Resources */,
				74887B081CC592D100EC677E /* Main.storyboard in Resources */,
				89CFF48E1CD395CF00F0097E /* KlartextMono-LightItalic.ttf in Resources */,
				89CFF48B1CD395CF00F0097E /* KlartextMono-BoldItalic.ttf in Resources */,
				89CFF4921CD395CF00F0097E /* KlartextMono-Thin.ttf in Resources */,
				89CFF4A91CD395F700F0097E /* SourceSansPro-LightIt.ttf in Resources */,
				AAE7EB9E1F4333EB00C9E566 /* SwitchTableViewCell.xib in Resources */,
				89CFF48D1CD395CF00F0097E /* KlartextMono-Light.ttf in Resources */,
				89CFF4A11CD395F700F0097E /* SourceSansPro-Black.ttf in Resources */,
				89CFF4931CD395CF00F0097E /* KlartextMono-ThinItalic.ttf in Resources */,
			);
			runOnlyForDeploymentPostprocessing = 0;
		};
		8908B46C1CD9F643005CC547 /* Resources */ = {
			isa = PBXResourcesBuildPhase;
			buildActionMask = 2147483647;
			files = (
				898474E21CDA304B000952B9 /* SourceSansPro-BoldIt.ttf in Resources */,
				898474F01CDA3051000952B9 /* KlartextMono-Medium.ttf in Resources */,
				898474E31CDA304B000952B9 /* SourceSansPro-ExtraLight.ttf in Resources */,
				898474EA1CDA304B000952B9 /* SourceSansPro-SemiboldIt.ttf in Resources */,
				898474EC1CDA3051000952B9 /* KlartextMono-BoldItalic.ttf in Resources */,
				898474E71CDA304B000952B9 /* SourceSansPro-LightIt.ttf in Resources */,
				898474EE1CDA3051000952B9 /* KlartextMono-Light.ttf in Resources */,
				8908B47F1CDA111B005CC547 /* Assets.xcassets in Resources */,
				898474E61CDA304B000952B9 /* SourceSansPro-Light.ttf in Resources */,
				898474DF1CDA304B000952B9 /* SourceSansPro-Black.ttf in Resources */,
				898474E11CDA304B000952B9 /* SourceSansPro-Bold.ttf in Resources */,
				898474E51CDA304B000952B9 /* SourceSansPro-It.ttf in Resources */,
				898474E91CDA304B000952B9 /* SourceSansPro-Semibold.ttf in Resources */,
				898474F41CDA3051000952B9 /* KlartextMono-ThinItalic.ttf in Resources */,
				898474ED1CDA3051000952B9 /* KlartextMono-Italic.ttf in Resources */,
				898474F11CDA3051000952B9 /* KlartextMono-MediumItalic.ttf in Resources */,
				8908B4761CD9F643005CC547 /* MainInterface.storyboard in Resources */,
				898474F31CDA3051000952B9 /* KlartextMono-Thin.ttf in Resources */,
				898474E01CDA304B000952B9 /* SourceSansPro-BlackIt.ttf in Resources */,
				898474EB1CDA3051000952B9 /* KlartextMono-Bold.ttf in Resources */,
				898474EF1CDA3051000952B9 /* KlartextMono-LightItalic.ttf in Resources */,
				898474F21CDA3051000952B9 /* KlartextMono-Regular.ttf in Resources */,
				898474E41CDA304B000952B9 /* SourceSansPro-ExtraLightIt.ttf in Resources */,
				898474E81CDA304B000952B9 /* SourceSansPro-Regular.ttf in Resources */,
			);
			runOnlyForDeploymentPostprocessing = 0;
		};
		AA36B96F1F54747000869794 /* Resources */ = {
			isa = PBXResourcesBuildPhase;
			buildActionMask = 2147483647;
			files = (
			);
			runOnlyForDeploymentPostprocessing = 0;
		};
		AA7244991F55814E00055684 /* Resources */ = {
			isa = PBXResourcesBuildPhase;
			buildActionMask = 2147483647;
			files = (
			);
			runOnlyForDeploymentPostprocessing = 0;
		};
		AA7244A71F55836F00055684 /* Resources */ = {
			isa = PBXResourcesBuildPhase;
			buildActionMask = 2147483647;
			files = (
			);
			runOnlyForDeploymentPostprocessing = 0;
		};
/* End PBXResourcesBuildPhase section */

/* Begin PBXShellScriptBuildPhase section */
		00580E4B89D126CD24528B2E /* [CP] Check Pods Manifest.lock */ = {
			isa = PBXShellScriptBuildPhase;
			buildActionMask = 2147483647;
			files = (
			);
			inputPaths = (
			);
			name = "[CP] Check Pods Manifest.lock";
			outputPaths = (
			);
			runOnlyForDeploymentPostprocessing = 0;
			shellPath = /bin/sh;
			shellScript = "diff \"${PODS_PODFILE_DIR_PATH}/Podfile.lock\" \"${PODS_ROOT}/Manifest.lock\" > /dev/null\nif [ $? != 0 ] ; then\n    # print error to STDERR\n    echo \"error: The sandbox is not in sync with the Podfile.lock. Run 'pod install' or update your CocoaPods installation.\" >&2\n    exit 1\nfi\n";
			showEnvVarsInLog = 0;
		};
		027DA43EDB52BB772C3F6D02 /* [CP] Check Pods Manifest.lock */ = {
			isa = PBXShellScriptBuildPhase;
			buildActionMask = 2147483647;
			files = (
			);
			inputPaths = (
			);
			name = "[CP] Check Pods Manifest.lock";
			outputPaths = (
			);
			runOnlyForDeploymentPostprocessing = 0;
			shellPath = /bin/sh;
			shellScript = "diff \"${PODS_PODFILE_DIR_PATH}/Podfile.lock\" \"${PODS_ROOT}/Manifest.lock\" > /dev/null\nif [ $? != 0 ] ; then\n    # print error to STDERR\n    echo \"error: The sandbox is not in sync with the Podfile.lock. Run 'pod install' or update your CocoaPods installation.\" >&2\n    exit 1\nfi\n";
			showEnvVarsInLog = 0;
		};
		2EFCFBFC6A534AF020DCC939 /* [CP] Copy Pods Resources */ = {
			isa = PBXShellScriptBuildPhase;
			buildActionMask = 2147483647;
			files = (
			);
			inputPaths = (
			);
			name = "[CP] Copy Pods Resources";
			outputPaths = (
			);
			runOnlyForDeploymentPostprocessing = 0;
			shellPath = /bin/sh;
			shellScript = "\"${SRCROOT}/Pods/Target Support Files/Pods-111Secuirty/Pods-111Secuirty-resources.sh\"\n";
			showEnvVarsInLog = 0;
		};
		8D437042894D0331458F7C38 /* [CP] Check Pods Manifest.lock */ = {
			isa = PBXShellScriptBuildPhase;
			buildActionMask = 2147483647;
			files = (
			);
			inputPaths = (
			);
			name = "[CP] Check Pods Manifest.lock";
			outputPaths = (
			);
			runOnlyForDeploymentPostprocessing = 0;
			shellPath = /bin/sh;
			shellScript = "diff \"${PODS_PODFILE_DIR_PATH}/Podfile.lock\" \"${PODS_ROOT}/Manifest.lock\" > /dev/null\nif [ $? != 0 ] ; then\n    # print error to STDERR\n    echo \"error: The sandbox is not in sync with the Podfile.lock. Run 'pod install' or update your CocoaPods installation.\" >&2\n    exit 1\nfi\n";
			showEnvVarsInLog = 0;
		};
		9FCD7E6D2C38250854EAA639 /* [CP] Copy Pods Resources */ = {
			isa = PBXShellScriptBuildPhase;
			buildActionMask = 2147483647;
			files = (
			);
			inputPaths = (
			);
			name = "[CP] Copy Pods Resources";
			outputPaths = (
			);
			runOnlyForDeploymentPostprocessing = 0;
			shellPath = /bin/sh;
			shellScript = "\"${SRCROOT}/Pods/Target Support Files/Pods-Door Widget/Pods-Door Widget-resources.sh\"\n";
			showEnvVarsInLog = 0;
		};
		A54CA618E304AEA2FE382DD9 /* [CP] Embed Pods Frameworks */ = {
			isa = PBXShellScriptBuildPhase;
			buildActionMask = 2147483647;
			files = (
			);
			inputPaths = (
			);
			name = "[CP] Embed Pods Frameworks";
			outputPaths = (
			);
			runOnlyForDeploymentPostprocessing = 0;
			shellPath = /bin/sh;
			shellScript = "\"${SRCROOT}/Pods/Target Support Files/Pods-111Secuirty/Pods-111Secuirty-frameworks.sh\"\n";
			showEnvVarsInLog = 0;
		};
		B148A8BC59C3F9859C7F9E60 /* [CP] Copy Pods Resources */ = {
			isa = PBXShellScriptBuildPhase;
			buildActionMask = 2147483647;
			files = (
			);
			inputPaths = (
			);
			name = "[CP] Copy Pods Resources";
			outputPaths = (
			);
			runOnlyForDeploymentPostprocessing = 0;
			shellPath = /bin/sh;
			shellScript = "\"${SRCROOT}/Pods/Target Support Files/Pods-DoorSiri/Pods-DoorSiri-resources.sh\"\n";
			showEnvVarsInLog = 0;
		};
/* End PBXShellScriptBuildPhase section */

/* Begin PBXSourcesBuildPhase section */
		74887AFB1CC592D100EC677E /* Sources */ = {
			isa = PBXSourcesBuildPhase;
			buildActionMask = 2147483647;
			files = (
				5D5739161EEFE4C900704E73 /* AppDelegate.swift in Sources */,
				AA3DB8791F39F51000040966 /* PhraseAnalyzer.swift in Sources */,
				74887B1B1CC59BD400EC677E /* SessionManager.swift in Sources */,
				AA8DD3641F4C3F9C00143B07 /* RuntimeAssociatedKeys.swift in Sources */,
				AACB07021F39CB9300A56675 /* SpeechRecognizer.swift in Sources */,
				74887B191CC599B100EC677E /* MainViewController.swift in Sources */,
				AAE7EB9D1F4333EB00C9E566 /* SwitchTableViewCell.swift in Sources */,
				AACEDEA31F49DCB5000E703F /* Gyroscopable.swift in Sources */,
				AA7244B51F55A68000055684 /* SiriVocabulary.swift in Sources */,
				89CFF4BF1CD3C14D00F0097E /* APIConstants.swift in Sources */,
				89CFF4B81CD3ACCD00F0097E /* ResetPasswordViewController.swift in Sources */,
				74887B171CC5997400EC677E /* LoginViewController.swift in Sources */,
				AAB02BDB1F570CBC008D6259 /* UserDefaultsKeys.swift in Sources */,
				8908B4691CD9E94D005CC547 /* String+Validation.swift in Sources */,
				AA1780D11F444933009C0D27 /* SettingCellsSet.swift in Sources */,
				AAF31FAA1F3DE2AA009433A4 /* TipsGenerator.swift in Sources */,
				AA8DD3661F4C403000143B07 /* SpeechRecognizable.swift in Sources */,
				AA9EB9821F41D5DF00E77DE7 /* Animator.swift in Sources */,
				AA9501C41F4B1138006B206E /* GyroscopeManager.swift in Sources */,
				AA9EB9851F431D1B00E77DE7 /* SettingsViewController.swift in Sources */,
			);
			runOnlyForDeploymentPostprocessing = 0;
		};
		8908B46A1CD9F643005CC547 /* Sources */ = {
			isa = PBXSourcesBuildPhase;
			buildActionMask = 2147483647;
			files = (
				89CB458F1CDB2FC50085018B /* APIConstants.swift in Sources */,
				8908B4731CD9F643005CC547 /* TodayViewController.swift in Sources */,
				89CB45901CDB2FEC0085018B /* SessionManager.swift in Sources */,
			);
			runOnlyForDeploymentPostprocessing = 0;
		};
		AA36B96D1F54747000869794 /* Sources */ = {
			isa = PBXSourcesBuildPhase;
			buildActionMask = 2147483647;
			files = (
				AACACB1F1F54751C00AA0806 /* SessionManager.swift in Sources */,
				AA36B9741F54747000869794 /* IntentHandler.swift in Sources */,
				AA7244B61F55A68000055684 /* SiriVocabulary.swift in Sources */,
				AACACB201F54759300AA0806 /* APIConstants.swift in Sources */,
			);
			runOnlyForDeploymentPostprocessing = 0;
		};
		AA7244971F55814E00055684 /* Sources */ = {
			isa = PBXSourcesBuildPhase;
			buildActionMask = 2147483647;
			files = (
				AA72449E1F55814E00055684 /* _11KeyTests.swift in Sources */,
			);
			runOnlyForDeploymentPostprocessing = 0;
		};
		AA7244A51F55836F00055684 /* Sources */ = {
			isa = PBXSourcesBuildPhase;
			buildActionMask = 2147483647;
			files = (
				AA7244AC1F55836F00055684 /* _11KeyUITests.swift in Sources */,
			);
			runOnlyForDeploymentPostprocessing = 0;
		};
/* End PBXSourcesBuildPhase section */

/* Begin PBXTargetDependency section */
		8908B4791CD9F643005CC547 /* PBXTargetDependency */ = {
			isa = PBXTargetDependency;
			target = 8908B46D1CD9F643005CC547 /* Door Widget */;
			targetProxy = 8908B4781CD9F643005CC547 /* PBXContainerItemProxy */;
		};
		AA36B9871F54747000869794 /* PBXTargetDependency */ = {
			isa = PBXTargetDependency;
			target = AA36B9701F54747000869794 /* DoorSiri */;
			targetProxy = AA36B9861F54747000869794 /* PBXContainerItemProxy */;
		};
		AA7244A11F55814E00055684 /* PBXTargetDependency */ = {
			isa = PBXTargetDependency;
			target = 74887AFE1CC592D100EC677E /* 111Secuirty */;
			targetProxy = AA7244A01F55814E00055684 /* PBXContainerItemProxy */;
		};
		AA7244AF1F55836F00055684 /* PBXTargetDependency */ = {
			isa = PBXTargetDependency;
			target = 74887AFE1CC592D100EC677E /* 111Secuirty */;
			targetProxy = AA7244AE1F55836F00055684 /* PBXContainerItemProxy */;
		};
/* End PBXTargetDependency section */

/* Begin PBXVariantGroup section */
		74887B061CC592D100EC677E /* Main.storyboard */ = {
			isa = PBXVariantGroup;
			children = (
				74887B071CC592D100EC677E /* Base */,
			);
			name = Main.storyboard;
			sourceTree = "<group>";
		};
		74887B0B1CC592D100EC677E /* LaunchScreen.storyboard */ = {
			isa = PBXVariantGroup;
			children = (
				74887B0C1CC592D100EC677E /* Base */,
			);
			name = LaunchScreen.storyboard;
			sourceTree = "<group>";
		};
		8908B4741CD9F643005CC547 /* MainInterface.storyboard */ = {
			isa = PBXVariantGroup;
			children = (
				8908B4751CD9F643005CC547 /* Base */,
			);
			name = MainInterface.storyboard;
			sourceTree = "<group>";
		};
/* End PBXVariantGroup section */

/* Begin XCBuildConfiguration section */
		74887B0F1CC592D100EC677E /* Debug */ = {
			isa = XCBuildConfiguration;
			buildSettings = {
				ALWAYS_SEARCH_USER_PATHS = NO;
				CLANG_ANALYZER_NONNULL = YES;
				CLANG_CXX_LANGUAGE_STANDARD = "gnu++0x";
				CLANG_CXX_LIBRARY = "libc++";
				CLANG_ENABLE_MODULES = YES;
				CLANG_ENABLE_OBJC_ARC = YES;
				CLANG_WARN_BLOCK_CAPTURE_AUTORELEASING = YES;
				CLANG_WARN_BOOL_CONVERSION = YES;
				CLANG_WARN_COMMA = YES;
				CLANG_WARN_CONSTANT_CONVERSION = YES;
				CLANG_WARN_DIRECT_OBJC_ISA_USAGE = YES_ERROR;
				CLANG_WARN_EMPTY_BODY = YES;
				CLANG_WARN_ENUM_CONVERSION = YES;
				CLANG_WARN_INFINITE_RECURSION = YES;
				CLANG_WARN_INT_CONVERSION = YES;
				CLANG_WARN_NON_LITERAL_NULL_CONVERSION = YES;
				CLANG_WARN_OBJC_LITERAL_CONVERSION = YES;
				CLANG_WARN_OBJC_ROOT_CLASS = YES_ERROR;
				CLANG_WARN_RANGE_LOOP_ANALYSIS = YES;
				CLANG_WARN_STRICT_PROTOTYPES = YES;
				CLANG_WARN_SUSPICIOUS_MOVE = YES;
				CLANG_WARN_UNREACHABLE_CODE = YES;
				CLANG_WARN__DUPLICATE_METHOD_MATCH = YES;
				"CODE_SIGN_IDENTITY[sdk=iphoneos*]" = "iPhone Developer";
				COPY_PHASE_STRIP = NO;
				DEBUG_INFORMATION_FORMAT = dwarf;
				ENABLE_STRICT_OBJC_MSGSEND = YES;
				ENABLE_TESTABILITY = YES;
				GCC_C_LANGUAGE_STANDARD = gnu99;
				GCC_DYNAMIC_NO_PIC = NO;
				GCC_NO_COMMON_BLOCKS = YES;
				GCC_OPTIMIZATION_LEVEL = 0;
				GCC_PREPROCESSOR_DEFINITIONS = (
					"DEBUG=1",
					"$(inherited)",
				);
				GCC_WARN_64_TO_32_BIT_CONVERSION = YES;
				GCC_WARN_ABOUT_RETURN_TYPE = YES_ERROR;
				GCC_WARN_UNDECLARED_SELECTOR = YES;
				GCC_WARN_UNINITIALIZED_AUTOS = YES_AGGRESSIVE;
				GCC_WARN_UNUSED_FUNCTION = YES;
				GCC_WARN_UNUSED_VARIABLE = YES;
				IPHONEOS_DEPLOYMENT_TARGET = 8.0;
				MTL_ENABLE_DEBUG_INFO = YES;
				ONLY_ACTIVE_ARCH = YES;
				SDKROOT = iphoneos;
				SWIFT_OPTIMIZATION_LEVEL = "-Onone";
				SWIFT_VERSION = 2.3;
			};
			name = Debug;
		};
		74887B101CC592D100EC677E /* Release */ = {
			isa = XCBuildConfiguration;
			buildSettings = {
				ALWAYS_SEARCH_USER_PATHS = NO;
				CLANG_ANALYZER_NONNULL = YES;
				CLANG_CXX_LANGUAGE_STANDARD = "gnu++0x";
				CLANG_CXX_LIBRARY = "libc++";
				CLANG_ENABLE_MODULES = YES;
				CLANG_ENABLE_OBJC_ARC = YES;
				CLANG_WARN_BLOCK_CAPTURE_AUTORELEASING = YES;
				CLANG_WARN_BOOL_CONVERSION = YES;
				CLANG_WARN_COMMA = YES;
				CLANG_WARN_CONSTANT_CONVERSION = YES;
				CLANG_WARN_DIRECT_OBJC_ISA_USAGE = YES_ERROR;
				CLANG_WARN_EMPTY_BODY = YES;
				CLANG_WARN_ENUM_CONVERSION = YES;
				CLANG_WARN_INFINITE_RECURSION = YES;
				CLANG_WARN_INT_CONVERSION = YES;
				CLANG_WARN_NON_LITERAL_NULL_CONVERSION = YES;
				CLANG_WARN_OBJC_LITERAL_CONVERSION = YES;
				CLANG_WARN_OBJC_ROOT_CLASS = YES_ERROR;
				CLANG_WARN_RANGE_LOOP_ANALYSIS = YES;
				CLANG_WARN_STRICT_PROTOTYPES = YES;
				CLANG_WARN_SUSPICIOUS_MOVE = YES;
				CLANG_WARN_UNREACHABLE_CODE = YES;
				CLANG_WARN__DUPLICATE_METHOD_MATCH = YES;
				"CODE_SIGN_IDENTITY[sdk=iphoneos*]" = "iPhone Developer";
				COPY_PHASE_STRIP = NO;
				DEBUG_INFORMATION_FORMAT = "dwarf-with-dsym";
				ENABLE_NS_ASSERTIONS = NO;
				ENABLE_STRICT_OBJC_MSGSEND = YES;
				GCC_C_LANGUAGE_STANDARD = gnu99;
				GCC_NO_COMMON_BLOCKS = YES;
				GCC_WARN_64_TO_32_BIT_CONVERSION = YES;
				GCC_WARN_ABOUT_RETURN_TYPE = YES_ERROR;
				GCC_WARN_UNDECLARED_SELECTOR = YES;
				GCC_WARN_UNINITIALIZED_AUTOS = YES_AGGRESSIVE;
				GCC_WARN_UNUSED_FUNCTION = YES;
				GCC_WARN_UNUSED_VARIABLE = YES;
				IPHONEOS_DEPLOYMENT_TARGET = 8.0;
				MTL_ENABLE_DEBUG_INFO = NO;
				SDKROOT = iphoneos;
				SWIFT_OPTIMIZATION_LEVEL = "-Owholemodule";
				SWIFT_VERSION = 2.3;
				VALIDATE_PRODUCT = YES;
			};
			name = Release;
		};
		74887B121CC592D100EC677E /* Debug */ = {
			isa = XCBuildConfiguration;
			baseConfigurationReference = 13A7D5F116B5C8A5852EB976 /* Pods-111Secuirty.debug.xcconfig */;
			buildSettings = {
				ALWAYS_EMBED_SWIFT_STANDARD_LIBRARIES = YES;
				ASSETCATALOG_COMPILER_APPICON_NAME = AppIcon;
				CLANG_ENABLE_MODULES = YES;
				CODE_SIGN_ENTITLEMENTS = "111Secuirty/111 Door.entitlements";
				CODE_SIGN_IDENTITY = "iPhone Distribution: 111 minutes LLC";
				"CODE_SIGN_IDENTITY[sdk=iphoneos*]" = "iPhone Developer";
				CODE_SIGN_STYLE = Automatic;
				DEVELOPMENT_TEAM = Y6ZXAWRWJ9;
				FRAMEWORK_SEARCH_PATHS = (
					"$(inherited)",
					"$(PROJECT_DIR)/build/Debug-iphoneos",
				);
				INFOPLIST_FILE = 111Secuirty/Info.plist;
				IPHONEOS_DEPLOYMENT_TARGET = 10.0;
				LD_RUNPATH_SEARCH_PATHS = "$(inherited) @executable_path/Frameworks";
				PRODUCT_BUNDLE_IDENTIFIER = com.111minutes.thedoor;
				PRODUCT_NAME = 111Key;
				PROVISIONING_PROFILE = "";
				PROVISIONING_PROFILE_SPECIFIER = "";
				SWIFT_OBJC_BRIDGING_HEADER = "";
				SWIFT_OPTIMIZATION_LEVEL = "-Onone";
				SWIFT_SWIFT3_OBJC_INFERENCE = On;
				SWIFT_VERSION = 4.0;
			};
			name = Debug;
		};
		74887B131CC592D100EC677E /* Release */ = {
			isa = XCBuildConfiguration;
			baseConfigurationReference = 7F4F90BC5CEBE0ECA1E9A6DE /* Pods-111Secuirty.release.xcconfig */;
			buildSettings = {
				ALWAYS_EMBED_SWIFT_STANDARD_LIBRARIES = YES;
				ASSETCATALOG_COMPILER_APPICON_NAME = AppIcon;
				CLANG_ENABLE_MODULES = YES;
				CODE_SIGN_ENTITLEMENTS = "111Secuirty/111 Door.entitlements";
				CODE_SIGN_IDENTITY = "iPhone Distribution: 111 minutes LLC";
				"CODE_SIGN_IDENTITY[sdk=iphoneos*]" = "iPhone Developer";
				CODE_SIGN_STYLE = Automatic;
				DEVELOPMENT_TEAM = Y6ZXAWRWJ9;
				FRAMEWORK_SEARCH_PATHS = (
					"$(inherited)",
					"$(PROJECT_DIR)/build/Debug-iphoneos",
				);
				INFOPLIST_FILE = 111Secuirty/Info.plist;
				IPHONEOS_DEPLOYMENT_TARGET = 10.0;
				LD_RUNPATH_SEARCH_PATHS = "$(inherited) @executable_path/Frameworks";
				PRODUCT_BUNDLE_IDENTIFIER = com.111minutes.thedoor;
				PRODUCT_NAME = 111Key;
				PROVISIONING_PROFILE = "";
				PROVISIONING_PROFILE_SPECIFIER = "";
				SWIFT_OBJC_BRIDGING_HEADER = "";
				SWIFT_SWIFT3_OBJC_INFERENCE = On;
				SWIFT_VERSION = 4.0;
			};
			name = Release;
		};
		8908B47C1CD9F644005CC547 /* Debug */ = {
			isa = XCBuildConfiguration;
			baseConfigurationReference = D9BB408B3E06DCF5C034F9F4 /* Pods-Door Widget.debug.xcconfig */;
			buildSettings = {
				CLANG_ENABLE_MODULES = YES;
				CODE_SIGN_ENTITLEMENTS = "Door Widget/111 Key Widget.entitlements";
				CODE_SIGN_IDENTITY = "iPhone Distribution: 111 minutes LLC";
				"CODE_SIGN_IDENTITY[sdk=iphoneos*]" = "iPhone Developer";
				CODE_SIGN_STYLE = Automatic;
				DEVELOPMENT_TEAM = Y6ZXAWRWJ9;
				INFOPLIST_FILE = "Door Widget/Info.plist";
				IPHONEOS_DEPLOYMENT_TARGET = 8.0;
				LD_RUNPATH_SEARCH_PATHS = "$(inherited) @executable_path/Frameworks @executable_path/../../Frameworks";
				PRODUCT_BUNDLE_IDENTIFIER = "com.111minutes.thedoor.Door-Widget";
				PRODUCT_NAME = "111 Key Widget";
				PROVISIONING_PROFILE = "";
				PROVISIONING_PROFILE_SPECIFIER = "";
				SKIP_INSTALL = YES;
				SWIFT_OBJC_BRIDGING_HEADER = "";
				SWIFT_OPTIMIZATION_LEVEL = "-Onone";
				SWIFT_SWIFT3_OBJC_INFERENCE = On;
				SWIFT_VERSION = 4.0;
			};
			name = Debug;
		};
		8908B47D1CD9F644005CC547 /* Release */ = {
			isa = XCBuildConfiguration;
			baseConfigurationReference = 3CB95D01645E0FB6AF365BD3 /* Pods-Door Widget.release.xcconfig */;
			buildSettings = {
				CLANG_ENABLE_MODULES = YES;
				CODE_SIGN_ENTITLEMENTS = "Door Widget/111 Key Widget.entitlements";
				CODE_SIGN_IDENTITY = "iPhone Distribution: 111 minutes LLC";
				"CODE_SIGN_IDENTITY[sdk=iphoneos*]" = "iPhone Developer";
				CODE_SIGN_STYLE = Automatic;
				DEVELOPMENT_TEAM = Y6ZXAWRWJ9;
				INFOPLIST_FILE = "Door Widget/Info.plist";
				IPHONEOS_DEPLOYMENT_TARGET = 8.0;
				LD_RUNPATH_SEARCH_PATHS = "$(inherited) @executable_path/Frameworks @executable_path/../../Frameworks";
				PRODUCT_BUNDLE_IDENTIFIER = "com.111minutes.thedoor.Door-Widget";
				PRODUCT_NAME = "111 Key Widget";
				PROVISIONING_PROFILE = "";
				PROVISIONING_PROFILE_SPECIFIER = "";
				SKIP_INSTALL = YES;
				SWIFT_OBJC_BRIDGING_HEADER = "";
				SWIFT_SWIFT3_OBJC_INFERENCE = On;
				SWIFT_VERSION = 4.0;
			};
			name = Release;
		};
		AA36B98D1F54747000869794 /* Debug */ = {
			isa = XCBuildConfiguration;
			baseConfigurationReference = EBA873F6CEE77ABCD35C0564 /* Pods-DoorSiri.debug.xcconfig */;
			buildSettings = {
				CLANG_ANALYZER_NUMBER_OBJECT_CONVERSION = YES_AGGRESSIVE;
				CLANG_CXX_LANGUAGE_STANDARD = "gnu++14";
				CLANG_WARN_DOCUMENTATION_COMMENTS = YES;
				CLANG_WARN_UNGUARDED_AVAILABILITY = YES_AGGRESSIVE;
				CODE_SIGN_ENTITLEMENTS = DoorSiri/DoorSiri.entitlements;
				CODE_SIGN_IDENTITY = "iPhone Distribution: 111 minutes LLC";
				"CODE_SIGN_IDENTITY[sdk=iphoneos*]" = "iPhone Developer";
				DEVELOPMENT_TEAM = Y6ZXAWRWJ9;
				GCC_C_LANGUAGE_STANDARD = gnu11;
				INFOPLIST_FILE = DoorSiri/Info.plist;
				IPHONEOS_DEPLOYMENT_TARGET = 10.0;
				LD_RUNPATH_SEARCH_PATHS = "$(inherited) @executable_path/Frameworks @executable_path/../../Frameworks";
				PRODUCT_BUNDLE_IDENTIFIER = com.111minutes.thedoor.DoorSiri;
				PRODUCT_NAME = "$(TARGET_NAME)";
				SKIP_INSTALL = YES;
				SWIFT_ACTIVE_COMPILATION_CONDITIONS = DEBUG;
				SWIFT_VERSION = 4.0;
				TARGETED_DEVICE_FAMILY = "1,2";
			};
			name = Debug;
		};
		AA36B98E1F54747000869794 /* Release */ = {
			isa = XCBuildConfiguration;
			baseConfigurationReference = 3200522FF322D9C508508180 /* Pods-DoorSiri.release.xcconfig */;
			buildSettings = {
				CLANG_ANALYZER_NUMBER_OBJECT_CONVERSION = YES_AGGRESSIVE;
				CLANG_CXX_LANGUAGE_STANDARD = "gnu++14";
				CLANG_WARN_DOCUMENTATION_COMMENTS = YES;
				CLANG_WARN_UNGUARDED_AVAILABILITY = YES_AGGRESSIVE;
				CODE_SIGN_ENTITLEMENTS = DoorSiri/DoorSiri.entitlements;
				CODE_SIGN_IDENTITY = "iPhone Distribution: 111 minutes LLC";
				"CODE_SIGN_IDENTITY[sdk=iphoneos*]" = "iPhone Developer";
				DEVELOPMENT_TEAM = Y6ZXAWRWJ9;
				GCC_C_LANGUAGE_STANDARD = gnu11;
				INFOPLIST_FILE = DoorSiri/Info.plist;
				IPHONEOS_DEPLOYMENT_TARGET = 10.0;
				LD_RUNPATH_SEARCH_PATHS = "$(inherited) @executable_path/Frameworks @executable_path/../../Frameworks";
				PRODUCT_BUNDLE_IDENTIFIER = com.111minutes.thedoor.DoorSiri;
				PRODUCT_NAME = "$(TARGET_NAME)";
				SKIP_INSTALL = YES;
				SWIFT_VERSION = 4.0;
				TARGETED_DEVICE_FAMILY = "1,2";
			};
			name = Release;
		};
		AA7244A31F55814E00055684 /* Debug */ = {
			isa = XCBuildConfiguration;
			buildSettings = {
				BUNDLE_LOADER = "$(TEST_HOST)";
				CLANG_ANALYZER_NUMBER_OBJECT_CONVERSION = YES_AGGRESSIVE;
				CLANG_CXX_LANGUAGE_STANDARD = "gnu++14";
				CLANG_WARN_DOCUMENTATION_COMMENTS = YES;
				CLANG_WARN_UNGUARDED_AVAILABILITY = YES_AGGRESSIVE;
				CODE_SIGN_IDENTITY = "iPhone Developer";
				GCC_C_LANGUAGE_STANDARD = gnu11;
				INFOPLIST_FILE = 111KeyTests/Info.plist;
				IPHONEOS_DEPLOYMENT_TARGET = 11.0;
				LD_RUNPATH_SEARCH_PATHS = "$(inherited) @executable_path/Frameworks @loader_path/Frameworks";
				PRODUCT_BUNDLE_IDENTIFIER = "VC.-11KeyTests";
				PRODUCT_NAME = "$(TARGET_NAME)";
				SWIFT_ACTIVE_COMPILATION_CONDITIONS = DEBUG;
				SWIFT_VERSION = 4.0;
				TARGETED_DEVICE_FAMILY = "1,2";
				TEST_HOST = "$(BUILT_PRODUCTS_DIR)/111Key.app/111Key";
			};
			name = Debug;
		};
		AA7244A41F55814E00055684 /* Release */ = {
			isa = XCBuildConfiguration;
			buildSettings = {
				BUNDLE_LOADER = "$(TEST_HOST)";
				CLANG_ANALYZER_NUMBER_OBJECT_CONVERSION = YES_AGGRESSIVE;
				CLANG_CXX_LANGUAGE_STANDARD = "gnu++14";
				CLANG_WARN_DOCUMENTATION_COMMENTS = YES;
				CLANG_WARN_UNGUARDED_AVAILABILITY = YES_AGGRESSIVE;
				CODE_SIGN_IDENTITY = "iPhone Developer";
				GCC_C_LANGUAGE_STANDARD = gnu11;
				INFOPLIST_FILE = 111KeyTests/Info.plist;
				IPHONEOS_DEPLOYMENT_TARGET = 11.0;
				LD_RUNPATH_SEARCH_PATHS = "$(inherited) @executable_path/Frameworks @loader_path/Frameworks";
				PRODUCT_BUNDLE_IDENTIFIER = "VC.-11KeyTests";
				PRODUCT_NAME = "$(TARGET_NAME)";
				SWIFT_VERSION = 4.0;
				TARGETED_DEVICE_FAMILY = "1,2";
				TEST_HOST = "$(BUILT_PRODUCTS_DIR)/111Key.app/111Key";
			};
			name = Release;
		};
		AA7244B11F55836F00055684 /* Debug */ = {
			isa = XCBuildConfiguration;
			buildSettings = {
				CLANG_ANALYZER_NUMBER_OBJECT_CONVERSION = YES_AGGRESSIVE;
				CLANG_CXX_LANGUAGE_STANDARD = "gnu++14";
				CLANG_WARN_DOCUMENTATION_COMMENTS = YES;
				CLANG_WARN_UNGUARDED_AVAILABILITY = YES_AGGRESSIVE;
				CODE_SIGN_IDENTITY = "iPhone Developer";
				GCC_C_LANGUAGE_STANDARD = gnu11;
				INFOPLIST_FILE = 111KeyUITests/Info.plist;
				IPHONEOS_DEPLOYMENT_TARGET = 11.0;
				LD_RUNPATH_SEARCH_PATHS = "$(inherited) @executable_path/Frameworks @loader_path/Frameworks";
				PRODUCT_BUNDLE_IDENTIFIER = "VC.-11KeyUITests";
				PRODUCT_NAME = "$(TARGET_NAME)";
				SWIFT_ACTIVE_COMPILATION_CONDITIONS = DEBUG;
				SWIFT_VERSION = 4.0;
				TARGETED_DEVICE_FAMILY = "1,2";
				TEST_TARGET_NAME = 111Secuirty;
			};
			name = Debug;
		};
		AA7244B21F55836F00055684 /* Release */ = {
			isa = XCBuildConfiguration;
			buildSettings = {
				CLANG_ANALYZER_NUMBER_OBJECT_CONVERSION = YES_AGGRESSIVE;
				CLANG_CXX_LANGUAGE_STANDARD = "gnu++14";
				CLANG_WARN_DOCUMENTATION_COMMENTS = YES;
				CLANG_WARN_UNGUARDED_AVAILABILITY = YES_AGGRESSIVE;
				CODE_SIGN_IDENTITY = "iPhone Developer";
				GCC_C_LANGUAGE_STANDARD = gnu11;
				INFOPLIST_FILE = 111KeyUITests/Info.plist;
				IPHONEOS_DEPLOYMENT_TARGET = 11.0;
				LD_RUNPATH_SEARCH_PATHS = "$(inherited) @executable_path/Frameworks @loader_path/Frameworks";
				PRODUCT_BUNDLE_IDENTIFIER = "VC.-11KeyUITests";
				PRODUCT_NAME = "$(TARGET_NAME)";
				SWIFT_VERSION = 4.0;
				TARGETED_DEVICE_FAMILY = "1,2";
				TEST_TARGET_NAME = 111Secuirty;
			};
			name = Release;
		};
/* End XCBuildConfiguration section */

/* Begin XCConfigurationList section */
		74887AFA1CC592D100EC677E /* Build configuration list for PBXProject "111Secuirty" */ = {
			isa = XCConfigurationList;
			buildConfigurations = (
				74887B0F1CC592D100EC677E /* Debug */,
				74887B101CC592D100EC677E /* Release */,
			);
			defaultConfigurationIsVisible = 0;
			defaultConfigurationName = Release;
		};
		74887B111CC592D100EC677E /* Build configuration list for PBXNativeTarget "111Secuirty" */ = {
			isa = XCConfigurationList;
			buildConfigurations = (
				74887B121CC592D100EC677E /* Debug */,
				74887B131CC592D100EC677E /* Release */,
			);
			defaultConfigurationIsVisible = 0;
			defaultConfigurationName = Release;
		};
		8908B47B1CD9F644005CC547 /* Build configuration list for PBXNativeTarget "Door Widget" */ = {
			isa = XCConfigurationList;
			buildConfigurations = (
				8908B47C1CD9F644005CC547 /* Debug */,
				8908B47D1CD9F644005CC547 /* Release */,
			);
			defaultConfigurationIsVisible = 0;
			defaultConfigurationName = Release;
		};
		AA36B98C1F54747000869794 /* Build configuration list for PBXNativeTarget "DoorSiri" */ = {
			isa = XCConfigurationList;
			buildConfigurations = (
				AA36B98D1F54747000869794 /* Debug */,
				AA36B98E1F54747000869794 /* Release */,
			);
			defaultConfigurationIsVisible = 0;
			defaultConfigurationName = Release;
		};
		AA7244A21F55814E00055684 /* Build configuration list for PBXNativeTarget "111KeyTests" */ = {
			isa = XCConfigurationList;
			buildConfigurations = (
				AA7244A31F55814E00055684 /* Debug */,
				AA7244A41F55814E00055684 /* Release */,
			);
			defaultConfigurationIsVisible = 0;
			defaultConfigurationName = Release;
		};
		AA7244B01F55836F00055684 /* Build configuration list for PBXNativeTarget "111KeyUITests" */ = {
			isa = XCConfigurationList;
			buildConfigurations = (
				AA7244B11F55836F00055684 /* Debug */,
				AA7244B21F55836F00055684 /* Release */,
			);
			defaultConfigurationIsVisible = 0;
			defaultConfigurationName = Release;
		};
/* End XCConfigurationList section */
	};
	rootObject = 74887AF71CC592D100EC677E /* Project object */;
}
